// !$*UTF8*$!
{
	archiveVersion = 1;
	classes = {
	};
	objectVersion = 50;
	objects = {

/* Begin PBXBuildFile section */
		0E07DFEB252724F8006DDFF6 /* String+Extension.swift in Sources */ = {isa = PBXBuildFile; fileRef = 0E07DFEA252724F8006DDFF6 /* String+Extension.swift */; };
		0E09F8182584E06F007F84CE /* View+Extension.swift in Sources */ = {isa = PBXBuildFile; fileRef = 0EBAE2DE251FB22600752EDE /* View+Extension.swift */; };
		0E0FE7A42553800F002FB781 /* Invocation.swift in Sources */ = {isa = PBXBuildFile; fileRef = 0E0FE7A32553800F002FB781 /* Invocation.swift */; };
		0E107E2E2599D07900399EC1 /* Array+Extension.swift in Sources */ = {isa = PBXBuildFile; fileRef = 0E107E2D2599D07900399EC1 /* Array+Extension.swift */; };
		0E107E36259ABD4F00399EC1 /* AnyTransition+Extension.swift in Sources */ = {isa = PBXBuildFile; fileRef = 0E107E35259ABD4F00399EC1 /* AnyTransition+Extension.swift */; };
		0E13D5402924C08B00ADD7A2 /* AudioDistorter.swift in Sources */ = {isa = PBXBuildFile; fileRef = 0E13D53F2924C08B00ADD7A2 /* AudioDistorter.swift */; };
		0E284DE025698AAB00686E55 /* CDAlbum+Convenience.swift in Sources */ = {isa = PBXBuildFile; fileRef = 0E284DDF25698AAB00686E55 /* CDAlbum+Convenience.swift */; };
		0E284DE525698EDC00686E55 /* CDArtist+Convenience.swift in Sources */ = {isa = PBXBuildFile; fileRef = 0E284DE425698EDC00686E55 /* CDArtist+Convenience.swift */; };
		0E284E222569A86200686E55 /* EasyColor.swift in Sources */ = {isa = PBXBuildFile; fileRef = 0E284E212569A86200686E55 /* EasyColor.swift */; };
		0E284E272569A8C300686E55 /* EasyGradient.swift in Sources */ = {isa = PBXBuildFile; fileRef = 0E284E262569A8C300686E55 /* EasyGradient.swift */; };
		0E284E2E2569A94F00686E55 /* JCColorScheme.swift in Sources */ = {isa = PBXBuildFile; fileRef = 0E2C908224F5D5A400AB950D /* JCColorScheme.swift */; };
		0E284E322569A95800686E55 /* EasyColor.swift in Sources */ = {isa = PBXBuildFile; fileRef = 0E284E212569A86200686E55 /* EasyColor.swift */; };
		0E284E362569A95C00686E55 /* EasyGradient.swift in Sources */ = {isa = PBXBuildFile; fileRef = 0E284E262569A8C300686E55 /* EasyGradient.swift */; };
		0E284E3D2569A9BA00686E55 /* User.swift in Sources */ = {isa = PBXBuildFile; fileRef = 0E284E3C2569A9BA00686E55 /* User.swift */; };
		0E284E422569AC9C00686E55 /* UserController.swift in Sources */ = {isa = PBXBuildFile; fileRef = 0E284E412569AC9C00686E55 /* UserController.swift */; };
		0E284E4B2569B02000686E55 /* User.xcdatamodeld in Sources */ = {isa = PBXBuildFile; fileRef = 0E284E492569B02000686E55 /* User.xcdatamodeld */; };
		0E2C908124F5CF2600AB950D /* Constants.swift in Sources */ = {isa = PBXBuildFile; fileRef = 0E2C908024F5CF2600AB950D /* Constants.swift */; };
		0E2C908324F5D5A400AB950D /* JCColorScheme.swift in Sources */ = {isa = PBXBuildFile; fileRef = 0E2C908224F5D5A400AB950D /* JCColorScheme.swift */; };
		0E3738D925649393002F5A3C /* SliderShape.swift in Sources */ = {isa = PBXBuildFile; fileRef = 0E3738D825649393002F5A3C /* SliderShape.swift */; };
		0E3738DE25649B3D002F5A3C /* SegmentedControl.swift in Sources */ = {isa = PBXBuildFile; fileRef = 0E3738DD25649B3D002F5A3C /* SegmentedControl.swift */; };
		0E3738E62564B86A002F5A3C /* Album.swift in Sources */ = {isa = PBXBuildFile; fileRef = 0E3738E52564B86A002F5A3C /* Album.swift */; };
		0E3738EB2564B873002F5A3C /* Artist.swift in Sources */ = {isa = PBXBuildFile; fileRef = 0E3738EA2564B873002F5A3C /* Artist.swift */; };
		0E42F9F724F4EC9200901C89 /* DefaultButtonStyle.swift in Sources */ = {isa = PBXBuildFile; fileRef = 0E42F9F624F4EC9200901C89 /* DefaultButtonStyle.swift */; };
		0E42F9F924F4F63B00901C89 /* RotatableImage.swift in Sources */ = {isa = PBXBuildFile; fileRef = 0E42F9F824F4F63B00901C89 /* RotatableImage.swift */; };
		0E49677225299E97000D166C /* UIApplication+Extension.swift in Sources */ = {isa = PBXBuildFile; fileRef = 0E49676D25299E96000D166C /* UIApplication+Extension.swift */; };
		0E49677325299E97000D166C /* SearchBar.swift in Sources */ = {isa = PBXBuildFile; fileRef = 0E49676E25299E97000D166C /* SearchBar.swift */; };
		0E49677425299E97000D166C /* SearchView.swift in Sources */ = {isa = PBXBuildFile; fileRef = 0E49676F25299E97000D166C /* SearchView.swift */; };
		0E49677525299E97000D166C /* NeoSongRow.swift in Sources */ = {isa = PBXBuildFile; fileRef = 0E49677025299E97000D166C /* NeoSongRow.swift */; };
		0E49677E2529A384000D166C /* ResignFirstResponderOnDrag.swift in Sources */ = {isa = PBXBuildFile; fileRef = 0E49677D2529A383000D166C /* ResignFirstResponderOnDrag.swift */; };
		0E4C28FF256E0DD500EB8EF6 /* Binding+Extension.swift in Sources */ = {isa = PBXBuildFile; fileRef = 0E4C28FE256E0DD500EB8EF6 /* Binding+Extension.swift */; };
		0E592775259D2F99003E4CA3 /* Song.swift in Sources */ = {isa = PBXBuildFile; fileRef = 0E8B8B4A24F5C1990029B27D /* Song.swift */; };
		0E59278A259D313D003E4CA3 /* Dynamic.swift in Sources */ = {isa = PBXBuildFile; fileRef = 0E7073F325534F2700E11397 /* Dynamic.swift */; };
		0E592796259D3672003E4CA3 /* NeoTimelineEntry.swift in Sources */ = {isa = PBXBuildFile; fileRef = 0E59278E259D354B003E4CA3 /* NeoTimelineEntry.swift */; };
		0E59279E259D4222003E4CA3 /* Invocation.swift in Sources */ = {isa = PBXBuildFile; fileRef = 0E0FE7A32553800F002FB781 /* Invocation.swift */; };
		0E5927A2259D4B02003E4CA3 /* MusicController.swift in Sources */ = {isa = PBXBuildFile; fileRef = 0E8B8B4824F5C1480029B27D /* MusicController.swift */; };
		0E5927A6259D4B18003E4CA3 /* Queue.swift in Sources */ = {isa = PBXBuildFile; fileRef = 0E886F482554C954006D75F7 /* Queue.swift */; };
		0E5927AA259D4B2E003E4CA3 /* Hidden.swift in Sources */ = {isa = PBXBuildFile; fileRef = 0E9CCA472556220C009AACA7 /* Hidden.swift */; };
		0E5927AE259D4B4B003E4CA3 /* Album.swift in Sources */ = {isa = PBXBuildFile; fileRef = 0E3738E52564B86A002F5A3C /* Album.swift */; };
		0E5927B2259D4B4D003E4CA3 /* Artist.swift in Sources */ = {isa = PBXBuildFile; fileRef = 0E3738EA2564B873002F5A3C /* Artist.swift */; };
		0E5927BB259D5148003E4CA3 /* Array+Extension.swift in Sources */ = {isa = PBXBuildFile; fileRef = 0E107E2D2599D07900399EC1 /* Array+Extension.swift */; };
		0E5927BF259D5159003E4CA3 /* HTTPMethod.swift in Sources */ = {isa = PBXBuildFile; fileRef = 0E9CCA4C255632E0009AACA7 /* HTTPMethod.swift */; };
		0E5927C3259D5188003E4CA3 /* Cache.swift in Sources */ = {isa = PBXBuildFile; fileRef = 0E7BBE8B254F3D18005E035D /* Cache.swift */; };
		0E5927C7259D54A6003E4CA3 /* NeoTimelineEntry.swift in Sources */ = {isa = PBXBuildFile; fileRef = 0E59278E259D354B003E4CA3 /* NeoTimelineEntry.swift */; };
		0E6290C32565955600EBA222 /* NeoAlbumRow.swift in Sources */ = {isa = PBXBuildFile; fileRef = 0E6290C22565955600EBA222 /* NeoAlbumRow.swift */; };
		0E6290C82565968A00EBA222 /* NeoAristRow.swift in Sources */ = {isa = PBXBuildFile; fileRef = 0E6290C72565968A00EBA222 /* NeoAristRow.swift */; };
		0E6290CD2565D5B700EBA222 /* UpNextView.swift in Sources */ = {isa = PBXBuildFile; fileRef = 0E6290CC2565D5B700EBA222 /* UpNextView.swift */; };
		0E6DF4D4255DA384007DD831 /* CSPresets.swift in Sources */ = {isa = PBXBuildFile; fileRef = 0E6DF4D3255DA384007DD831 /* CSPresets.swift */; };
		0E6DF4D9255DAFDE007DD831 /* CSButton.swift in Sources */ = {isa = PBXBuildFile; fileRef = 0E6DF4D8255DAFDE007DD831 /* CSButton.swift */; };
		0E6DF4E9255DFD07007DD831 /* UIImage+Extension.swift in Sources */ = {isa = PBXBuildFile; fileRef = 0E6DF4E8255DFD07007DD831 /* UIImage+Extension.swift */; };
		0E6DF4ED255DFD9F007DD831 /* UIImage+Extension.swift in Sources */ = {isa = PBXBuildFile; fileRef = 0E6DF4E8255DFD07007DD831 /* UIImage+Extension.swift */; };
		0E7073F425534F2700E11397 /* Dynamic.swift in Sources */ = {isa = PBXBuildFile; fileRef = 0E7073F325534F2700E11397 /* Dynamic.swift */; };
		0E7714852579B65D008BB229 /* DropDownView.swift in Sources */ = {isa = PBXBuildFile; fileRef = 0E7714842579B65D008BB229 /* DropDownView.swift */; };
		0E7AB59A2547A0C800CA1B40 /* BarButton.swift in Sources */ = {isa = PBXBuildFile; fileRef = 0E7AB5992547A0C800CA1B40 /* BarButton.swift */; };
		0E7AB59F2547AD6F00CA1B40 /* ColorPickerDetailView.swift in Sources */ = {isa = PBXBuildFile; fileRef = 0E7AB59E2547AD6F00CA1B40 /* ColorPickerDetailView.swift */; };
		0E7BBE8C254F3D18005E035D /* Cache.swift in Sources */ = {isa = PBXBuildFile; fileRef = 0E7BBE8B254F3D18005E035D /* Cache.swift */; };
		0E82941A2536783200FB131A /* HostingController.swift in Sources */ = {isa = PBXBuildFile; fileRef = 0E8294192536783200FB131A /* HostingController.swift */; };
		0E886F442554C906006D75F7 /* MessageController.swift in Sources */ = {isa = PBXBuildFile; fileRef = 0E886F432554C906006D75F7 /* MessageController.swift */; };
		0E886F492554C954006D75F7 /* Queue.swift in Sources */ = {isa = PBXBuildFile; fileRef = 0E886F482554C954006D75F7 /* Queue.swift */; };
		0E886F4E2554CB59006D75F7 /* Message.swift in Sources */ = {isa = PBXBuildFile; fileRef = 0E886F4D2554CB59006D75F7 /* Message.swift */; };
		0E8B8B3F24F587B10029B27D /* Image+Extension.swift in Sources */ = {isa = PBXBuildFile; fileRef = 0E8B8B3E24F587B10029B27D /* Image+Extension.swift */; };
		0E8B8B4124F59CB80029B27D /* MusicSlider.swift in Sources */ = {isa = PBXBuildFile; fileRef = 0E8B8B4024F59CB80029B27D /* MusicSlider.swift */; };
		0E8B8B4324F5A04D0029B27D /* Color+Extension.swift in Sources */ = {isa = PBXBuildFile; fileRef = 0E8B8B4224F5A04D0029B27D /* Color+Extension.swift */; };
		0E8B8B4624F5A0B10029B27D /* SettingsController.swift in Sources */ = {isa = PBXBuildFile; fileRef = 0E8B8B4524F5A0B10029B27D /* SettingsController.swift */; };
		0E8B8B4924F5C1480029B27D /* MusicController.swift in Sources */ = {isa = PBXBuildFile; fileRef = 0E8B8B4824F5C1480029B27D /* MusicController.swift */; };
		0E8B8B4B24F5C19A0029B27D /* Song.swift in Sources */ = {isa = PBXBuildFile; fileRef = 0E8B8B4A24F5C1990029B27D /* Song.swift */; };
		0E8B8B4E24F5C71E0029B27D /* RootView.swift in Sources */ = {isa = PBXBuildFile; fileRef = 0E8B8B4D24F5C71E0029B27D /* RootView.swift */; };
		0E9218C92569889F00589B0D /* CDSong+Convenience.swift in Sources */ = {isa = PBXBuildFile; fileRef = 0E9218C82569889F00589B0D /* CDSong+Convenience.swift */; };
		0E9CCA482556220C009AACA7 /* Hidden.swift in Sources */ = {isa = PBXBuildFile; fileRef = 0E9CCA472556220C009AACA7 /* Hidden.swift */; };
		0E9CCA4D255632E0009AACA7 /* HTTPMethod.swift in Sources */ = {isa = PBXBuildFile; fileRef = 0E9CCA4C255632E0009AACA7 /* HTTPMethod.swift */; };
		0E9D434B253515C00025B3FD /* FeedbackGenerator.swift in Sources */ = {isa = PBXBuildFile; fileRef = 0E9D434A253515C00025B3FD /* FeedbackGenerator.swift */; };
		0E9D98C52559BC9800343261 /* View+Neumorph.swift in Sources */ = {isa = PBXBuildFile; fileRef = 0E9D98C42559BC9800343261 /* View+Neumorph.swift */; };
		0E9D98EC2559D82500343261 /* View+Neumorph.swift in Sources */ = {isa = PBXBuildFile; fileRef = 0E9D98C42559BC9800343261 /* View+Neumorph.swift */; };
		0E9D98F52559D9DB00343261 /* Font+Extension.swift in Sources */ = {isa = PBXBuildFile; fileRef = 0E9D98F42559D9DB00343261 /* Font+Extension.swift */; };
		0E9D98F92559D9DD00343261 /* Font+Extension.swift in Sources */ = {isa = PBXBuildFile; fileRef = 0E9D98F42559D9DB00343261 /* Font+Extension.swift */; };
		0E9D98FE2559E32800343261 /* UIImageColor.swift in Sources */ = {isa = PBXBuildFile; fileRef = 0E9D98FD2559E32800343261 /* UIImageColor.swift */; };
		0EA1848424FB1EBD00111B84 /* Notification.Name+Extension.swift in Sources */ = {isa = PBXBuildFile; fileRef = 0EA1848324FB1EBC00111B84 /* Notification.Name+Extension.swift */; };
		0EA9184C25772CF0009B067A /* SettingsBar.swift in Sources */ = {isa = PBXBuildFile; fileRef = 0EA9184B25772CF0009B067A /* SettingsBar.swift */; };
		0EA9185125773B96009B067A /* ColorSchemeView.swift in Sources */ = {isa = PBXBuildFile; fileRef = 0EA9185025773B96009B067A /* ColorSchemeView.swift */; };
		0EB0EFEC255C541C00CEDF50 /* UIDevice+Network.swift in Sources */ = {isa = PBXBuildFile; fileRef = 0EB0EFEB255C541C00CEDF50 /* UIDevice+Network.swift */; };
		0EB7E26A28FFA16100F2389E /* GeometryProxy+Extension.swift in Sources */ = {isa = PBXBuildFile; fileRef = 0EB7E26928FFA16100F2389E /* GeometryProxy+Extension.swift */; };
		0EBAE2DF251FB22600752EDE /* View+Extension.swift in Sources */ = {isa = PBXBuildFile; fileRef = 0EBAE2DE251FB22600752EDE /* View+Extension.swift */; };
		0EC743EB2585032900FBD8CE /* AnyShape.swift in Sources */ = {isa = PBXBuildFile; fileRef = 0EC743EA2585032900FBD8CE /* AnyShape.swift */; };
		0EC743EF258503BE00FBD8CE /* AnyShape.swift in Sources */ = {isa = PBXBuildFile; fileRef = 0EC743EA2585032900FBD8CE /* AnyShape.swift */; };
		0ECA74DA257AE0D400E82EEC /* IndexPath+Extension.swift in Sources */ = {isa = PBXBuildFile; fileRef = 0ECA74D9257AE0D400E82EEC /* IndexPath+Extension.swift */; };
		0ED0C4A027673D63005343A8 /* TableView.swift in Sources */ = {isa = PBXBuildFile; fileRef = 0ED0C49F27673D63005343A8 /* TableView.swift */; };
		0ED0C4A227673F00005343A8 /* UIHostingCell.swift in Sources */ = {isa = PBXBuildFile; fileRef = 0ED0C4A127673F00005343A8 /* UIHostingCell.swift */; };
		0ED0C4AE27674DCF005343A8 /* CoreGraphics+Extension.swift in Sources */ = {isa = PBXBuildFile; fileRef = 0ED0C4AD27674DCF005343A8 /* CoreGraphics+Extension.swift */; };
		0ED703C027CB617200B82EEA /* DragState.swift in Sources */ = {isa = PBXBuildFile; fileRef = 0ED703BF27CB617200B82EEA /* DragState.swift */; };
		0ED703C227CB61A600B82EEA /* AppTab.swift in Sources */ = {isa = PBXBuildFile; fileRef = 0ED703C127CB61A600B82EEA /* AppTab.swift */; };
		0EDE700E24F465D300E72D0C /* NeoMusic_SwiftUIApp.swift in Sources */ = {isa = PBXBuildFile; fileRef = 0EDE700D24F465D300E72D0C /* NeoMusic_SwiftUIApp.swift */; };
		0EDE701024F465D300E72D0C /* MusicPlayer.swift in Sources */ = {isa = PBXBuildFile; fileRef = 0EDE700F24F465D300E72D0C /* MusicPlayer.swift */; };
		0EDE701224F465D600E72D0C /* Assets.xcassets in Resources */ = {isa = PBXBuildFile; fileRef = 0EDE701124F465D600E72D0C /* Assets.xcassets */; };
		0EDE701524F465D600E72D0C /* Preview Assets.xcassets in Resources */ = {isa = PBXBuildFile; fileRef = 0EDE701424F465D600E72D0C /* Preview Assets.xcassets */; };
		0EE12DE425686ADA00F46D88 /* CDColorScheme+Convenience.swift in Sources */ = {isa = PBXBuildFile; fileRef = 0EE12DE325686AD900F46D88 /* CDColorScheme+Convenience.swift */; };
		0EE12DE925686B7500F46D88 /* CDEasyColor+Convenience.swift in Sources */ = {isa = PBXBuildFile; fileRef = 0EE12DE825686B7500F46D88 /* CDEasyColor+Convenience.swift */; };
		0EE12DEE25686C1E00F46D88 /* CDEasyGradient+Convenience.swift in Sources */ = {isa = PBXBuildFile; fileRef = 0EE12DED25686C1E00F46D88 /* CDEasyGradient+Convenience.swift */; };
		0EE4136C25278910003890A1 /* String+Extension.swift in Sources */ = {isa = PBXBuildFile; fileRef = 0E07DFEA252724F8006DDFF6 /* String+Extension.swift */; };
		0EE413852528B56A003890A1 /* NeoMusic_SwiftUITests.swift in Sources */ = {isa = PBXBuildFile; fileRef = 0EDE702224F465D700E72D0C /* NeoMusic_SwiftUITests.swift */; };
		0EF3F73B254F49A3002AD607 /* Media.swift in Sources */ = {isa = PBXBuildFile; fileRef = 0EF3F73A254F49A3002AD607 /* Media.swift */; };
		0EF3F73F254F49BE002AD607 /* Media.swift in Sources */ = {isa = PBXBuildFile; fileRef = 0EF3F73A254F49A3002AD607 /* Media.swift */; };
		0EF4DC4F25424E120006108F /* ProfileView.swift in Sources */ = {isa = PBXBuildFile; fileRef = 0EF4DC4E25424E120006108F /* ProfileView.swift */; };
		0EF4DC582542508A0006108F /* MusicView.swift in Sources */ = {isa = PBXBuildFile; fileRef = 0EF4DC572542508A0006108F /* MusicView.swift */; };
		0EF5178825627A5C00A1B214 /* ColorSlider.swift in Sources */ = {isa = PBXBuildFile; fileRef = 0EF5178725627A5C00A1B214 /* ColorSlider.swift */; };
		0EFC09A0256899A200AA0F28 /* CoreDataStack.swift in Sources */ = {isa = PBXBuildFile; fileRef = 0EFC099F256899A200AA0F28 /* CoreDataStack.swift */; };
		4960887C2515832E003F1089 /* WidgetKit.framework in Frameworks */ = {isa = PBXBuildFile; fileRef = 4960882F25158085003F1089 /* WidgetKit.framework */; };
		4960887D2515832E003F1089 /* SwiftUI.framework in Frameworks */ = {isa = PBXBuildFile; fileRef = 4960883125158085003F1089 /* SwiftUI.framework */; };
		4960888225158331003F1089 /* Assets.xcassets in Resources */ = {isa = PBXBuildFile; fileRef = 4960888125158331003F1089 /* Assets.xcassets */; };
		4960888625158331003F1089 /* NeoWidgetExtension.appex in Embed App Extensions */ = {isa = PBXBuildFile; fileRef = 4960887B2515832E003F1089 /* NeoWidgetExtension.appex */; settings = {ATTRIBUTES = (RemoveHeadersOnCopy, ); }; };
		4960889125158368003F1089 /* NeoWidget.swift in Sources */ = {isa = PBXBuildFile; fileRef = 4960889025158368003F1089 /* NeoWidget.swift */; };
		4960889725158392003F1089 /* WidgetArtwork.swift in Sources */ = {isa = PBXBuildFile; fileRef = 4960889525158392003F1089 /* WidgetArtwork.swift */; };
		4960889C251583B6003F1089 /* Constants.swift in Sources */ = {isa = PBXBuildFile; fileRef = 0E2C908024F5CF2600AB950D /* Constants.swift */; };
		496088A8251583D3003F1089 /* SettingsController.swift in Sources */ = {isa = PBXBuildFile; fileRef = 0E8B8B4524F5A0B10029B27D /* SettingsController.swift */; };
		496088AC251583E0003F1089 /* Color+Extension.swift in Sources */ = {isa = PBXBuildFile; fileRef = 0E8B8B4224F5A04D0029B27D /* Color+Extension.swift */; };
		496088B0251583E3003F1089 /* Image+Extension.swift in Sources */ = {isa = PBXBuildFile; fileRef = 0E8B8B3E24F587B10029B27D /* Image+Extension.swift */; };
		49E153542515705000767842 /* TabBar.swift in Sources */ = {isa = PBXBuildFile; fileRef = 49E153532515705000767842 /* TabBar.swift */; };
/* End PBXBuildFile section */

/* Begin PBXContainerItemProxy section */
		0EDE701F24F465D700E72D0C /* PBXContainerItemProxy */ = {
			isa = PBXContainerItemProxy;
			containerPortal = 0EDE700024F465D300E72D0C /* Project object */;
			proxyType = 1;
			remoteGlobalIDString = 0EDE700724F465D300E72D0C;
			remoteInfo = "NeoMusic-SwiftUI";
		};
		4960888425158331003F1089 /* PBXContainerItemProxy */ = {
			isa = PBXContainerItemProxy;
			containerPortal = 0EDE700024F465D300E72D0C /* Project object */;
			proxyType = 1;
			remoteGlobalIDString = 4960887A2515832E003F1089;
			remoteInfo = NeoWidgetExtension;
		};
/* End PBXContainerItemProxy section */

/* Begin PBXCopyFilesBuildPhase section */
		0E62C3D52587F757000A5487 /* Embed Watch Content */ = {
			isa = PBXCopyFilesBuildPhase;
			buildActionMask = 2147483647;
			dstPath = "$(CONTENTS_FOLDER_PATH)/Watch";
			dstSubfolderSpec = 16;
			files = (
			);
			name = "Embed Watch Content";
			runOnlyForDeploymentPostprocessing = 0;
		};
		0E9D987E2559B25A00343261 /* Embed App Clips */ = {
			isa = PBXCopyFilesBuildPhase;
			buildActionMask = 2147483647;
			dstPath = "$(CONTENTS_FOLDER_PATH)/AppClips";
			dstSubfolderSpec = 16;
			files = (
			);
			name = "Embed App Clips";
			runOnlyForDeploymentPostprocessing = 0;
		};
		4960883F25158089003F1089 /* Embed App Extensions */ = {
			isa = PBXCopyFilesBuildPhase;
			buildActionMask = 2147483647;
			dstPath = "";
			dstSubfolderSpec = 13;
			files = (
				4960888625158331003F1089 /* NeoWidgetExtension.appex in Embed App Extensions */,
			);
			name = "Embed App Extensions";
			runOnlyForDeploymentPostprocessing = 0;
		};
/* End PBXCopyFilesBuildPhase section */

/* Begin PBXFileReference section */
		0E07DFEA252724F8006DDFF6 /* String+Extension.swift */ = {isa = PBXFileReference; lastKnownFileType = sourcecode.swift; path = "String+Extension.swift"; sourceTree = "<group>"; };
		0E0FE7A32553800F002FB781 /* Invocation.swift */ = {isa = PBXFileReference; lastKnownFileType = sourcecode.swift; path = Invocation.swift; sourceTree = "<group>"; };
		0E107E2D2599D07900399EC1 /* Array+Extension.swift */ = {isa = PBXFileReference; lastKnownFileType = sourcecode.swift; path = "Array+Extension.swift"; sourceTree = "<group>"; };
		0E107E35259ABD4F00399EC1 /* AnyTransition+Extension.swift */ = {isa = PBXFileReference; lastKnownFileType = sourcecode.swift; path = "AnyTransition+Extension.swift"; sourceTree = "<group>"; };
		0E13D53F2924C08B00ADD7A2 /* AudioDistorter.swift */ = {isa = PBXFileReference; lastKnownFileType = sourcecode.swift; path = AudioDistorter.swift; sourceTree = "<group>"; };
		0E284DDF25698AAB00686E55 /* CDAlbum+Convenience.swift */ = {isa = PBXFileReference; lastKnownFileType = sourcecode.swift; path = "CDAlbum+Convenience.swift"; sourceTree = "<group>"; };
		0E284DE425698EDC00686E55 /* CDArtist+Convenience.swift */ = {isa = PBXFileReference; lastKnownFileType = sourcecode.swift; path = "CDArtist+Convenience.swift"; sourceTree = "<group>"; };
		0E284E212569A86200686E55 /* EasyColor.swift */ = {isa = PBXFileReference; lastKnownFileType = sourcecode.swift; path = EasyColor.swift; sourceTree = "<group>"; };
		0E284E262569A8C300686E55 /* EasyGradient.swift */ = {isa = PBXFileReference; lastKnownFileType = sourcecode.swift; path = EasyGradient.swift; sourceTree = "<group>"; };
		0E284E3C2569A9BA00686E55 /* User.swift */ = {isa = PBXFileReference; lastKnownFileType = sourcecode.swift; path = User.swift; sourceTree = "<group>"; };
		0E284E412569AC9C00686E55 /* UserController.swift */ = {isa = PBXFileReference; lastKnownFileType = sourcecode.swift; path = UserController.swift; sourceTree = "<group>"; };
		0E284E4A2569B02000686E55 /* User.xcdatamodel */ = {isa = PBXFileReference; lastKnownFileType = wrapper.xcdatamodel; path = User.xcdatamodel; sourceTree = "<group>"; };
		0E2C908024F5CF2600AB950D /* Constants.swift */ = {isa = PBXFileReference; lastKnownFileType = sourcecode.swift; path = Constants.swift; sourceTree = "<group>"; };
		0E2C908224F5D5A400AB950D /* JCColorScheme.swift */ = {isa = PBXFileReference; lastKnownFileType = sourcecode.swift; path = JCColorScheme.swift; sourceTree = "<group>"; };
		0E3738D825649393002F5A3C /* SliderShape.swift */ = {isa = PBXFileReference; lastKnownFileType = sourcecode.swift; path = SliderShape.swift; sourceTree = "<group>"; };
		0E3738DD25649B3D002F5A3C /* SegmentedControl.swift */ = {isa = PBXFileReference; lastKnownFileType = sourcecode.swift; path = SegmentedControl.swift; sourceTree = "<group>"; };
		0E3738E52564B86A002F5A3C /* Album.swift */ = {isa = PBXFileReference; lastKnownFileType = sourcecode.swift; path = Album.swift; sourceTree = "<group>"; };
		0E3738EA2564B873002F5A3C /* Artist.swift */ = {isa = PBXFileReference; lastKnownFileType = sourcecode.swift; path = Artist.swift; sourceTree = "<group>"; };
		0E42F9F624F4EC9200901C89 /* DefaultButtonStyle.swift */ = {isa = PBXFileReference; lastKnownFileType = sourcecode.swift; path = DefaultButtonStyle.swift; sourceTree = "<group>"; };
		0E42F9F824F4F63B00901C89 /* RotatableImage.swift */ = {isa = PBXFileReference; lastKnownFileType = sourcecode.swift; path = RotatableImage.swift; sourceTree = "<group>"; };
		0E49676D25299E96000D166C /* UIApplication+Extension.swift */ = {isa = PBXFileReference; fileEncoding = 4; lastKnownFileType = sourcecode.swift; path = "UIApplication+Extension.swift"; sourceTree = "<group>"; };
		0E49676E25299E97000D166C /* SearchBar.swift */ = {isa = PBXFileReference; fileEncoding = 4; lastKnownFileType = sourcecode.swift; path = SearchBar.swift; sourceTree = "<group>"; };
		0E49676F25299E97000D166C /* SearchView.swift */ = {isa = PBXFileReference; fileEncoding = 4; lastKnownFileType = sourcecode.swift; path = SearchView.swift; sourceTree = "<group>"; };
		0E49677025299E97000D166C /* NeoSongRow.swift */ = {isa = PBXFileReference; fileEncoding = 4; lastKnownFileType = sourcecode.swift; path = NeoSongRow.swift; sourceTree = "<group>"; };
		0E49677D2529A383000D166C /* ResignFirstResponderOnDrag.swift */ = {isa = PBXFileReference; fileEncoding = 4; lastKnownFileType = sourcecode.swift; path = ResignFirstResponderOnDrag.swift; sourceTree = "<group>"; };
		0E4C28FE256E0DD500EB8EF6 /* Binding+Extension.swift */ = {isa = PBXFileReference; lastKnownFileType = sourcecode.swift; path = "Binding+Extension.swift"; sourceTree = "<group>"; };
		0E59278E259D354B003E4CA3 /* NeoTimelineEntry.swift */ = {isa = PBXFileReference; lastKnownFileType = sourcecode.swift; path = NeoTimelineEntry.swift; sourceTree = "<group>"; };
		0E6290C22565955600EBA222 /* NeoAlbumRow.swift */ = {isa = PBXFileReference; lastKnownFileType = sourcecode.swift; path = NeoAlbumRow.swift; sourceTree = "<group>"; };
		0E6290C72565968A00EBA222 /* NeoAristRow.swift */ = {isa = PBXFileReference; lastKnownFileType = sourcecode.swift; path = NeoAristRow.swift; sourceTree = "<group>"; };
		0E6290CC2565D5B700EBA222 /* UpNextView.swift */ = {isa = PBXFileReference; lastKnownFileType = sourcecode.swift; path = UpNextView.swift; sourceTree = "<group>"; };
		0E6DF4D3255DA384007DD831 /* CSPresets.swift */ = {isa = PBXFileReference; lastKnownFileType = sourcecode.swift; path = CSPresets.swift; sourceTree = "<group>"; };
		0E6DF4D8255DAFDE007DD831 /* CSButton.swift */ = {isa = PBXFileReference; lastKnownFileType = sourcecode.swift; path = CSButton.swift; sourceTree = "<group>"; };
		0E6DF4E8255DFD07007DD831 /* UIImage+Extension.swift */ = {isa = PBXFileReference; lastKnownFileType = sourcecode.swift; path = "UIImage+Extension.swift"; sourceTree = "<group>"; };
		0E7073F325534F2700E11397 /* Dynamic.swift */ = {isa = PBXFileReference; lastKnownFileType = sourcecode.swift; path = Dynamic.swift; sourceTree = "<group>"; };
		0E7714842579B65D008BB229 /* DropDownView.swift */ = {isa = PBXFileReference; lastKnownFileType = sourcecode.swift; path = DropDownView.swift; sourceTree = "<group>"; };
		0E7AB5992547A0C800CA1B40 /* BarButton.swift */ = {isa = PBXFileReference; lastKnownFileType = sourcecode.swift; path = BarButton.swift; sourceTree = "<group>"; };
		0E7AB59E2547AD6F00CA1B40 /* ColorPickerDetailView.swift */ = {isa = PBXFileReference; lastKnownFileType = sourcecode.swift; path = ColorPickerDetailView.swift; sourceTree = "<group>"; };
		0E7BBE8B254F3D18005E035D /* Cache.swift */ = {isa = PBXFileReference; lastKnownFileType = sourcecode.swift; path = Cache.swift; sourceTree = "<group>"; };
		0E8294192536783200FB131A /* HostingController.swift */ = {isa = PBXFileReference; lastKnownFileType = sourcecode.swift; path = HostingController.swift; sourceTree = "<group>"; };
		0E886F432554C906006D75F7 /* MessageController.swift */ = {isa = PBXFileReference; lastKnownFileType = sourcecode.swift; path = MessageController.swift; sourceTree = "<group>"; };
		0E886F482554C954006D75F7 /* Queue.swift */ = {isa = PBXFileReference; lastKnownFileType = sourcecode.swift; path = Queue.swift; sourceTree = "<group>"; };
		0E886F4D2554CB59006D75F7 /* Message.swift */ = {isa = PBXFileReference; lastKnownFileType = sourcecode.swift; path = Message.swift; sourceTree = "<group>"; };
		0E8B8B3E24F587B10029B27D /* Image+Extension.swift */ = {isa = PBXFileReference; lastKnownFileType = sourcecode.swift; path = "Image+Extension.swift"; sourceTree = "<group>"; };
		0E8B8B4024F59CB80029B27D /* MusicSlider.swift */ = {isa = PBXFileReference; lastKnownFileType = sourcecode.swift; path = MusicSlider.swift; sourceTree = "<group>"; };
		0E8B8B4224F5A04D0029B27D /* Color+Extension.swift */ = {isa = PBXFileReference; lastKnownFileType = sourcecode.swift; path = "Color+Extension.swift"; sourceTree = "<group>"; };
		0E8B8B4524F5A0B10029B27D /* SettingsController.swift */ = {isa = PBXFileReference; lastKnownFileType = sourcecode.swift; path = SettingsController.swift; sourceTree = "<group>"; };
		0E8B8B4824F5C1480029B27D /* MusicController.swift */ = {isa = PBXFileReference; lastKnownFileType = sourcecode.swift; path = MusicController.swift; sourceTree = "<group>"; };
		0E8B8B4A24F5C1990029B27D /* Song.swift */ = {isa = PBXFileReference; lastKnownFileType = sourcecode.swift; path = Song.swift; sourceTree = "<group>"; };
		0E8B8B4D24F5C71E0029B27D /* RootView.swift */ = {isa = PBXFileReference; lastKnownFileType = sourcecode.swift; path = RootView.swift; sourceTree = "<group>"; };
		0E9218C82569889F00589B0D /* CDSong+Convenience.swift */ = {isa = PBXFileReference; lastKnownFileType = sourcecode.swift; path = "CDSong+Convenience.swift"; sourceTree = "<group>"; };
		0E9CCA472556220C009AACA7 /* Hidden.swift */ = {isa = PBXFileReference; lastKnownFileType = sourcecode.swift; path = Hidden.swift; sourceTree = "<group>"; };
		0E9CCA4C255632E0009AACA7 /* HTTPMethod.swift */ = {isa = PBXFileReference; lastKnownFileType = sourcecode.swift; path = HTTPMethod.swift; sourceTree = "<group>"; };
		0E9D434A253515C00025B3FD /* FeedbackGenerator.swift */ = {isa = PBXFileReference; lastKnownFileType = sourcecode.swift; path = FeedbackGenerator.swift; sourceTree = "<group>"; };
		0E9D98C42559BC9800343261 /* View+Neumorph.swift */ = {isa = PBXFileReference; lastKnownFileType = sourcecode.swift; path = "View+Neumorph.swift"; sourceTree = "<group>"; };
		0E9D98F42559D9DB00343261 /* Font+Extension.swift */ = {isa = PBXFileReference; lastKnownFileType = sourcecode.swift; path = "Font+Extension.swift"; sourceTree = "<group>"; };
		0E9D98FD2559E32800343261 /* UIImageColor.swift */ = {isa = PBXFileReference; lastKnownFileType = sourcecode.swift; path = UIImageColor.swift; sourceTree = "<group>"; };
		0EA1848324FB1EBC00111B84 /* Notification.Name+Extension.swift */ = {isa = PBXFileReference; lastKnownFileType = sourcecode.swift; path = "Notification.Name+Extension.swift"; sourceTree = "<group>"; };
		0EA9184B25772CF0009B067A /* SettingsBar.swift */ = {isa = PBXFileReference; lastKnownFileType = sourcecode.swift; path = SettingsBar.swift; sourceTree = "<group>"; };
		0EA9185025773B96009B067A /* ColorSchemeView.swift */ = {isa = PBXFileReference; lastKnownFileType = sourcecode.swift; path = ColorSchemeView.swift; sourceTree = "<group>"; };
		0EB0EFEB255C541C00CEDF50 /* UIDevice+Network.swift */ = {isa = PBXFileReference; lastKnownFileType = sourcecode.swift; path = "UIDevice+Network.swift"; sourceTree = "<group>"; };
		0EB7E26928FFA16100F2389E /* GeometryProxy+Extension.swift */ = {isa = PBXFileReference; lastKnownFileType = sourcecode.swift; path = "GeometryProxy+Extension.swift"; sourceTree = "<group>"; };
		0EBAE2DE251FB22600752EDE /* View+Extension.swift */ = {isa = PBXFileReference; lastKnownFileType = sourcecode.swift; path = "View+Extension.swift"; sourceTree = "<group>"; };
		0EC743EA2585032900FBD8CE /* AnyShape.swift */ = {isa = PBXFileReference; lastKnownFileType = sourcecode.swift; path = AnyShape.swift; sourceTree = "<group>"; };
		0ECA74D9257AE0D400E82EEC /* IndexPath+Extension.swift */ = {isa = PBXFileReference; lastKnownFileType = sourcecode.swift; path = "IndexPath+Extension.swift"; sourceTree = "<group>"; };
		0ED0C49F27673D63005343A8 /* TableView.swift */ = {isa = PBXFileReference; lastKnownFileType = sourcecode.swift; path = TableView.swift; sourceTree = "<group>"; };
		0ED0C4A127673F00005343A8 /* UIHostingCell.swift */ = {isa = PBXFileReference; lastKnownFileType = sourcecode.swift; path = UIHostingCell.swift; sourceTree = "<group>"; };
		0ED0C4AD27674DCF005343A8 /* CoreGraphics+Extension.swift */ = {isa = PBXFileReference; lastKnownFileType = sourcecode.swift; path = "CoreGraphics+Extension.swift"; sourceTree = "<group>"; };
		0ED703BF27CB617200B82EEA /* DragState.swift */ = {isa = PBXFileReference; lastKnownFileType = sourcecode.swift; path = DragState.swift; sourceTree = "<group>"; };
		0ED703C127CB61A600B82EEA /* AppTab.swift */ = {isa = PBXFileReference; lastKnownFileType = sourcecode.swift; path = AppTab.swift; sourceTree = "<group>"; };
		0EDE700824F465D300E72D0C /* NeoMusic-SwiftUI.app */ = {isa = PBXFileReference; explicitFileType = wrapper.application; includeInIndex = 0; path = "NeoMusic-SwiftUI.app"; sourceTree = BUILT_PRODUCTS_DIR; };
		0EDE700D24F465D300E72D0C /* NeoMusic_SwiftUIApp.swift */ = {isa = PBXFileReference; lastKnownFileType = sourcecode.swift; path = NeoMusic_SwiftUIApp.swift; sourceTree = "<group>"; };
		0EDE700F24F465D300E72D0C /* MusicPlayer.swift */ = {isa = PBXFileReference; lastKnownFileType = sourcecode.swift; path = MusicPlayer.swift; sourceTree = "<group>"; };
		0EDE701124F465D600E72D0C /* Assets.xcassets */ = {isa = PBXFileReference; lastKnownFileType = folder.assetcatalog; path = Assets.xcassets; sourceTree = "<group>"; };
		0EDE701424F465D600E72D0C /* Preview Assets.xcassets */ = {isa = PBXFileReference; lastKnownFileType = folder.assetcatalog; path = "Preview Assets.xcassets"; sourceTree = "<group>"; };
		0EDE701924F465D600E72D0C /* Info.plist */ = {isa = PBXFileReference; lastKnownFileType = text.plist.xml; path = Info.plist; sourceTree = "<group>"; };
		0EDE701E24F465D700E72D0C /* NeoMusic-SwiftUITests.xctest */ = {isa = PBXFileReference; explicitFileType = wrapper.cfbundle; includeInIndex = 0; path = "NeoMusic-SwiftUITests.xctest"; sourceTree = BUILT_PRODUCTS_DIR; };
		0EDE702224F465D700E72D0C /* NeoMusic_SwiftUITests.swift */ = {isa = PBXFileReference; lastKnownFileType = sourcecode.swift; path = NeoMusic_SwiftUITests.swift; sourceTree = "<group>"; };
		0EDE702424F465D700E72D0C /* Info.plist */ = {isa = PBXFileReference; lastKnownFileType = text.plist.xml; path = Info.plist; sourceTree = "<group>"; };
		0EE12DE325686AD900F46D88 /* CDColorScheme+Convenience.swift */ = {isa = PBXFileReference; lastKnownFileType = sourcecode.swift; path = "CDColorScheme+Convenience.swift"; sourceTree = "<group>"; };
		0EE12DE825686B7500F46D88 /* CDEasyColor+Convenience.swift */ = {isa = PBXFileReference; lastKnownFileType = sourcecode.swift; path = "CDEasyColor+Convenience.swift"; sourceTree = "<group>"; };
		0EE12DED25686C1E00F46D88 /* CDEasyGradient+Convenience.swift */ = {isa = PBXFileReference; lastKnownFileType = sourcecode.swift; path = "CDEasyGradient+Convenience.swift"; sourceTree = "<group>"; };
		0EF3F73A254F49A3002AD607 /* Media.swift */ = {isa = PBXFileReference; lastKnownFileType = sourcecode.swift; path = Media.swift; sourceTree = "<group>"; };
		0EF4DC4E25424E120006108F /* ProfileView.swift */ = {isa = PBXFileReference; lastKnownFileType = sourcecode.swift; path = ProfileView.swift; sourceTree = "<group>"; };
		0EF4DC572542508A0006108F /* MusicView.swift */ = {isa = PBXFileReference; lastKnownFileType = sourcecode.swift; path = MusicView.swift; sourceTree = "<group>"; };
		0EF5178725627A5C00A1B214 /* ColorSlider.swift */ = {isa = PBXFileReference; lastKnownFileType = sourcecode.swift; path = ColorSlider.swift; sourceTree = "<group>"; };
		0EFC099F256899A200AA0F28 /* CoreDataStack.swift */ = {isa = PBXFileReference; lastKnownFileType = sourcecode.swift; path = CoreDataStack.swift; sourceTree = "<group>"; };
		4960882F25158085003F1089 /* WidgetKit.framework */ = {isa = PBXFileReference; lastKnownFileType = wrapper.framework; name = WidgetKit.framework; path = System/Library/Frameworks/WidgetKit.framework; sourceTree = SDKROOT; };
		4960883125158085003F1089 /* SwiftUI.framework */ = {isa = PBXFileReference; lastKnownFileType = wrapper.framework; name = SwiftUI.framework; path = System/Library/Frameworks/SwiftUI.framework; sourceTree = SDKROOT; };
		4960887B2515832E003F1089 /* NeoWidgetExtension.appex */ = {isa = PBXFileReference; explicitFileType = "wrapper.app-extension"; includeInIndex = 0; path = NeoWidgetExtension.appex; sourceTree = BUILT_PRODUCTS_DIR; };
		4960888125158331003F1089 /* Assets.xcassets */ = {isa = PBXFileReference; lastKnownFileType = folder.assetcatalog; path = Assets.xcassets; sourceTree = "<group>"; };
		4960888325158331003F1089 /* Info.plist */ = {isa = PBXFileReference; lastKnownFileType = text.plist.xml; path = Info.plist; sourceTree = "<group>"; };
		4960889025158368003F1089 /* NeoWidget.swift */ = {isa = PBXFileReference; fileEncoding = 4; lastKnownFileType = sourcecode.swift; path = NeoWidget.swift; sourceTree = "<group>"; };
		4960889525158392003F1089 /* WidgetArtwork.swift */ = {isa = PBXFileReference; fileEncoding = 4; lastKnownFileType = sourcecode.swift; path = WidgetArtwork.swift; sourceTree = "<group>"; };
		49E153532515705000767842 /* TabBar.swift */ = {isa = PBXFileReference; lastKnownFileType = sourcecode.swift; path = TabBar.swift; sourceTree = "<group>"; };
/* End PBXFileReference section */

/* Begin PBXFrameworksBuildPhase section */
		0EDE700524F465D300E72D0C /* Frameworks */ = {
			isa = PBXFrameworksBuildPhase;
			buildActionMask = 2147483647;
			files = (
			);
			runOnlyForDeploymentPostprocessing = 0;
		};
		0EDE701B24F465D700E72D0C /* Frameworks */ = {
			isa = PBXFrameworksBuildPhase;
			buildActionMask = 2147483647;
			files = (
			);
			runOnlyForDeploymentPostprocessing = 0;
		};
		496088782515832E003F1089 /* Frameworks */ = {
			isa = PBXFrameworksBuildPhase;
			buildActionMask = 2147483647;
			files = (
				4960887D2515832E003F1089 /* SwiftUI.framework in Frameworks */,
				4960887C2515832E003F1089 /* WidgetKit.framework in Frameworks */,
			);
			runOnlyForDeploymentPostprocessing = 0;
		};
/* End PBXFrameworksBuildPhase section */

/* Begin PBXGroup section */
		0E284E3B2569A99F00686E55 /* ColorScheme */ = {
			isa = PBXGroup;
			children = (
				0EE12DE325686AD900F46D88 /* CDColorScheme+Convenience.swift */,
				0EE12DED25686C1E00F46D88 /* CDEasyGradient+Convenience.swift */,
				0EE12DE825686B7500F46D88 /* CDEasyColor+Convenience.swift */,
			);
			path = ColorScheme;
			sourceTree = "<group>";
		};
		0E77148E2579BAD4008BB229 /* Custom Drop Down */ = {
			isa = PBXGroup;
			children = (
				0E7714842579B65D008BB229 /* DropDownView.swift */,
			);
			path = "Custom Drop Down";
			sourceTree = "<group>";
		};
		0E8B8B4424F5A09E0029B27D /* Helpers */ = {
			isa = PBXGroup;
			children = (
				0E8B8B3E24F587B10029B27D /* Image+Extension.swift */,
				0E8B8B4224F5A04D0029B27D /* Color+Extension.swift */,
				0E2C908024F5CF2600AB950D /* Constants.swift */,
				0EA1848324FB1EBC00111B84 /* Notification.Name+Extension.swift */,
				0EB7E26928FFA16100F2389E /* GeometryProxy+Extension.swift */,
				0E07DFEA252724F8006DDFF6 /* String+Extension.swift */,
				0E49676D25299E96000D166C /* UIApplication+Extension.swift */,
				0E7073F325534F2700E11397 /* Dynamic.swift */,
				0E0FE7A32553800F002FB781 /* Invocation.swift */,
				0E9CCA472556220C009AACA7 /* Hidden.swift */,
				0ED0C4A127673F00005343A8 /* UIHostingCell.swift */,
				0E9CCA4C255632E0009AACA7 /* HTTPMethod.swift */,
				0E9D98F42559D9DB00343261 /* Font+Extension.swift */,
				0E9D98FD2559E32800343261 /* UIImageColor.swift */,
				0EB0EFEB255C541C00CEDF50 /* UIDevice+Network.swift */,
				0E6DF4E8255DFD07007DD831 /* UIImage+Extension.swift */,
				0ED0C4AD27674DCF005343A8 /* CoreGraphics+Extension.swift */,
				0E4C28FE256E0DD500EB8EF6 /* Binding+Extension.swift */,
				0ECA74D9257AE0D400E82EEC /* IndexPath+Extension.swift */,
				0EC743EA2585032900FBD8CE /* AnyShape.swift */,
				0E107E2D2599D07900399EC1 /* Array+Extension.swift */,
				0E107E35259ABD4F00399EC1 /* AnyTransition+Extension.swift */,
			);
			path = Helpers;
			sourceTree = "<group>";
		};
		0E8B8B4724F5BC390029B27D /* Model Controllers */ = {
			isa = PBXGroup;
			children = (
				0E8B8B4824F5C1480029B27D /* MusicController.swift */,
				0E8B8B4524F5A0B10029B27D /* SettingsController.swift */,
				0E9D434A253515C00025B3FD /* FeedbackGenerator.swift */,
				0E886F432554C906006D75F7 /* MessageController.swift */,
				0EFC099F256899A200AA0F28 /* CoreDataStack.swift */,
				0E284E412569AC9C00686E55 /* UserController.swift */,
				0E13D53F2924C08B00ADD7A2 /* AudioDistorter.swift */,
			);
			path = "Model Controllers";
			sourceTree = "<group>";
		};
		0E8B8B4C24F5C19E0029B27D /* Models */ = {
			isa = PBXGroup;
			children = (
				0EFC09C92568E50700AA0F28 /* CoreData */,
				0E8B8B4A24F5C1990029B27D /* Song.swift */,
				0E3738E52564B86A002F5A3C /* Album.swift */,
				0E3738EA2564B873002F5A3C /* Artist.swift */,
				0E2C908224F5D5A400AB950D /* JCColorScheme.swift */,
				0E284E262569A8C300686E55 /* EasyGradient.swift */,
				0ED703C127CB61A600B82EEA /* AppTab.swift */,
				0ED703BF27CB617200B82EEA /* DragState.swift */,
				0E284E212569A86200686E55 /* EasyColor.swift */,
				0E7BBE8B254F3D18005E035D /* Cache.swift */,
				0EF3F73A254F49A3002AD607 /* Media.swift */,
				0E886F482554C954006D75F7 /* Queue.swift */,
				0E886F4D2554CB59006D75F7 /* Message.swift */,
			);
			path = Models;
			sourceTree = "<group>";
		};
		0E8B8B4F24F5C83D0029B27D /* Reusable */ = {
			isa = PBXGroup;
			children = (
				0E42F9F624F4EC9200901C89 /* DefaultButtonStyle.swift */,
				0E7AB5992547A0C800CA1B40 /* BarButton.swift */,
				0E3738DD25649B3D002F5A3C /* SegmentedControl.swift */,
				0E9CDB112575AC6000B03489 /* Custom Table */,
				0EBAE2D6251FB20200752EDE /* Custom TabView */,
				0E77148E2579BAD4008BB229 /* Custom Drop Down */,
			);
			path = Reusable;
			sourceTree = "<group>";
		};
		0E9218BA2569884700589B0D /* User */ = {
			isa = PBXGroup;
			children = (
				0E284E492569B02000686E55 /* User.xcdatamodeld */,
				0E284E3C2569A9BA00686E55 /* User.swift */,
				0E9218BE2569885C00589B0D /* Music */,
				0E284E3B2569A99F00686E55 /* ColorScheme */,
			);
			path = User;
			sourceTree = "<group>";
		};
		0E9218BE2569885C00589B0D /* Music */ = {
			isa = PBXGroup;
			children = (
				0E9218C82569889F00589B0D /* CDSong+Convenience.swift */,
				0E284DDF25698AAB00686E55 /* CDAlbum+Convenience.swift */,
				0E284DE425698EDC00686E55 /* CDArtist+Convenience.swift */,
			);
			path = Music;
			sourceTree = "<group>";
		};
		0E9CDB112575AC6000B03489 /* Custom Table */ = {
			isa = PBXGroup;
			children = (
				0ED0C49F27673D63005343A8 /* TableView.swift */,
			);
			path = "Custom Table";
			sourceTree = "<group>";
		};
		0EB28FE52537EEAC00EBB6F2 /* ToggleableMusicPlayer */ = {
			isa = PBXGroup;
			children = (
				0EDE700F24F465D300E72D0C /* MusicPlayer.swift */,
				0E42F9F824F4F63B00901C89 /* RotatableImage.swift */,
				0E8B8B4024F59CB80029B27D /* MusicSlider.swift */,
				0E6290CC2565D5B700EBA222 /* UpNextView.swift */,
			);
			path = ToggleableMusicPlayer;
			sourceTree = "<group>";
		};
		0EB28FE92537EED400EBB6F2 /* SearchTabView */ = {
			isa = PBXGroup;
			children = (
				0E49676F25299E97000D166C /* SearchView.swift */,
				0E49676E25299E97000D166C /* SearchBar.swift */,
				0E49677025299E97000D166C /* NeoSongRow.swift */,
				0E6290C72565968A00EBA222 /* NeoAristRow.swift */,
				0E6290C22565955600EBA222 /* NeoAlbumRow.swift */,
			);
			path = SearchTabView;
			sourceTree = "<group>";
		};
		0EBAE2D6251FB20200752EDE /* Custom TabView */ = {
			isa = PBXGroup;
			children = (
				49E153532515705000767842 /* TabBar.swift */,
			);
			path = "Custom TabView";
			sourceTree = "<group>";
		};
		0EBAE2DA251FB21400752EDE /* View Modifiers */ = {
			isa = PBXGroup;
			children = (
				0E49677D2529A383000D166C /* ResignFirstResponderOnDrag.swift */,
				0EBAE2DE251FB22600752EDE /* View+Extension.swift */,
				0E9D98C42559BC9800343261 /* View+Neumorph.swift */,
			);
			path = "View Modifiers";
			sourceTree = "<group>";
		};
		0ED0C49E27673D23005343A8 /* Pages */ = {
			isa = PBXGroup;
			children = (
				0EB28FE52537EEAC00EBB6F2 /* ToggleableMusicPlayer */,
				0EB28FE92537EED400EBB6F2 /* SearchTabView */,
				0EF4DC5C254250910006108F /* MusicTabView */,
				0EF4DC53254250750006108F /* ProfileTabView */,
			);
			path = Pages;
			sourceTree = "<group>";
		};
		0EDE6FFF24F465D300E72D0C = {
			isa = PBXGroup;
			children = (
				0EDE700A24F465D300E72D0C /* NeoMusic-SwiftUI */,
				0EDE702124F465D700E72D0C /* NeoMusic-SwiftUITests */,
				4960887E2515832E003F1089 /* NeoWidget */,
				4960882E25158085003F1089 /* Frameworks */,
				0EDE700924F465D300E72D0C /* Products */,
			);
			sourceTree = "<group>";
		};
		0EDE700924F465D300E72D0C /* Products */ = {
			isa = PBXGroup;
			children = (
				0EDE700824F465D300E72D0C /* NeoMusic-SwiftUI.app */,
				0EDE701E24F465D700E72D0C /* NeoMusic-SwiftUITests.xctest */,
				4960887B2515832E003F1089 /* NeoWidgetExtension.appex */,
			);
			name = Products;
			sourceTree = "<group>";
		};
		0EDE700A24F465D300E72D0C /* NeoMusic-SwiftUI */ = {
			isa = PBXGroup;
			children = (
				0EDE703B24F465F200E72D0C /* Resources */,
				0EDE703C24F465FA00E72D0C /* Views */,
				0EBAE2DA251FB21400752EDE /* View Modifiers */,
				0E8B8B4C24F5C19E0029B27D /* Models */,
				0E8B8B4724F5BC390029B27D /* Model Controllers */,
				0E8B8B4424F5A09E0029B27D /* Helpers */,
				0EDE701324F465D600E72D0C /* Preview Content */,
			);
			path = "NeoMusic-SwiftUI";
			sourceTree = "<group>";
		};
		0EDE701324F465D600E72D0C /* Preview Content */ = {
			isa = PBXGroup;
			children = (
				0EDE701424F465D600E72D0C /* Preview Assets.xcassets */,
			);
			path = "Preview Content";
			sourceTree = "<group>";
		};
		0EDE702124F465D700E72D0C /* NeoMusic-SwiftUITests */ = {
			isa = PBXGroup;
			children = (
				0EDE702224F465D700E72D0C /* NeoMusic_SwiftUITests.swift */,
				0EDE702424F465D700E72D0C /* Info.plist */,
			);
			path = "NeoMusic-SwiftUITests";
			sourceTree = "<group>";
		};
		0EDE703B24F465F200E72D0C /* Resources */ = {
			isa = PBXGroup;
			children = (
				0EDE700D24F465D300E72D0C /* NeoMusic_SwiftUIApp.swift */,
				0EDE701124F465D600E72D0C /* Assets.xcassets */,
				0EDE701924F465D600E72D0C /* Info.plist */,
				0E8294192536783200FB131A /* HostingController.swift */,
			);
			path = Resources;
			sourceTree = "<group>";
		};
		0EDE703C24F465FA00E72D0C /* Views */ = {
			isa = PBXGroup;
			children = (
				0E8B8B4D24F5C71E0029B27D /* RootView.swift */,
				0ED0C49E27673D23005343A8 /* Pages */,
				0E8B8B4F24F5C83D0029B27D /* Reusable */,
			);
			path = Views;
			sourceTree = "<group>";
		};
		0EF4DC53254250750006108F /* ProfileTabView */ = {
			isa = PBXGroup;
			children = (
				0EF4DC4E25424E120006108F /* ProfileView.swift */,
				0EA9184B25772CF0009B067A /* SettingsBar.swift */,
				0EA9185025773B96009B067A /* ColorSchemeView.swift */,
				0E7AB59E2547AD6F00CA1B40 /* ColorPickerDetailView.swift */,
				0E6DF4D3255DA384007DD831 /* CSPresets.swift */,
				0E6DF4D8255DAFDE007DD831 /* CSButton.swift */,
				0EF5178725627A5C00A1B214 /* ColorSlider.swift */,
				0E3738D825649393002F5A3C /* SliderShape.swift */,
			);
			path = ProfileTabView;
			sourceTree = "<group>";
		};
		0EF4DC5C254250910006108F /* MusicTabView */ = {
			isa = PBXGroup;
			children = (
				0EF4DC572542508A0006108F /* MusicView.swift */,
			);
			path = MusicTabView;
			sourceTree = "<group>";
		};
		0EFC09C92568E50700AA0F28 /* CoreData */ = {
			isa = PBXGroup;
			children = (
				0E9218BA2569884700589B0D /* User */,
			);
			path = CoreData;
			sourceTree = "<group>";
		};
		4960882E25158085003F1089 /* Frameworks */ = {
			isa = PBXGroup;
			children = (
				4960882F25158085003F1089 /* WidgetKit.framework */,
				4960883125158085003F1089 /* SwiftUI.framework */,
			);
			name = Frameworks;
			sourceTree = "<group>";
		};
		4960887E2515832E003F1089 /* NeoWidget */ = {
			isa = PBXGroup;
			children = (
				4960889025158368003F1089 /* NeoWidget.swift */,
				0E59278E259D354B003E4CA3 /* NeoTimelineEntry.swift */,
				4960889525158392003F1089 /* WidgetArtwork.swift */,
				4960888125158331003F1089 /* Assets.xcassets */,
				4960888325158331003F1089 /* Info.plist */,
			);
			path = NeoWidget;
			sourceTree = "<group>";
		};
/* End PBXGroup section */

/* Begin PBXNativeTarget section */
		0EDE700724F465D300E72D0C /* NeoMusic-SwiftUI */ = {
			isa = PBXNativeTarget;
			buildConfigurationList = 0EDE703224F465D700E72D0C /* Build configuration list for PBXNativeTarget "NeoMusic-SwiftUI" */;
			buildPhases = (
				0EDE700424F465D300E72D0C /* Sources */,
				0EDE700524F465D300E72D0C /* Frameworks */,
				0EDE700624F465D300E72D0C /* Resources */,
				4960883F25158089003F1089 /* Embed App Extensions */,
				0E9D987E2559B25A00343261 /* Embed App Clips */,
				0E62C3D52587F757000A5487 /* Embed Watch Content */,
			);
			buildRules = (
			);
			dependencies = (
				4960888525158331003F1089 /* PBXTargetDependency */,
			);
			name = "NeoMusic-SwiftUI";
			packageProductDependencies = (
			);
			productName = "NeoMusic-SwiftUI";
			productReference = 0EDE700824F465D300E72D0C /* NeoMusic-SwiftUI.app */;
			productType = "com.apple.product-type.application";
		};
		0EDE701D24F465D700E72D0C /* NeoMusic-SwiftUITests */ = {
			isa = PBXNativeTarget;
			buildConfigurationList = 0EDE703524F465D700E72D0C /* Build configuration list for PBXNativeTarget "NeoMusic-SwiftUITests" */;
			buildPhases = (
				0EDE701A24F465D700E72D0C /* Sources */,
				0EDE701B24F465D700E72D0C /* Frameworks */,
				0EDE701C24F465D700E72D0C /* Resources */,
			);
			buildRules = (
			);
			dependencies = (
				0EDE702024F465D700E72D0C /* PBXTargetDependency */,
			);
			name = "NeoMusic-SwiftUITests";
			productName = "NeoMusic-SwiftUITests";
			productReference = 0EDE701E24F465D700E72D0C /* NeoMusic-SwiftUITests.xctest */;
			productType = "com.apple.product-type.bundle.unit-test";
		};
		4960887A2515832E003F1089 /* NeoWidgetExtension */ = {
			isa = PBXNativeTarget;
			buildConfigurationList = 4960888725158331003F1089 /* Build configuration list for PBXNativeTarget "NeoWidgetExtension" */;
			buildPhases = (
				496088772515832E003F1089 /* Sources */,
				496088782515832E003F1089 /* Frameworks */,
				496088792515832E003F1089 /* Resources */,
			);
			buildRules = (
			);
			dependencies = (
			);
			name = NeoWidgetExtension;
			productName = NeoWidgetExtension;
			productReference = 4960887B2515832E003F1089 /* NeoWidgetExtension.appex */;
			productType = "com.apple.product-type.app-extension";
		};
/* End PBXNativeTarget section */

/* Begin PBXProject section */
		0EDE700024F465D300E72D0C /* Project object */ = {
			isa = PBXProject;
			attributes = {
				LastSwiftUpdateCheck = 1220;
				LastUpgradeCheck = 1200;
				TargetAttributes = {
					0EDE700724F465D300E72D0C = {
						CreatedOnToolsVersion = 12.0;
						LastSwiftMigration = 1220;
					};
					0EDE701D24F465D700E72D0C = {
						CreatedOnToolsVersion = 12.0;
						TestTargetID = 0EDE700724F465D300E72D0C;
					};
					4960887A2515832E003F1089 = {
						CreatedOnToolsVersion = 12.0;
						LastSwiftMigration = 1200;
					};
				};
			};
			buildConfigurationList = 0EDE700324F465D300E72D0C /* Build configuration list for PBXProject "NeoMusic-SwiftUI" */;
			compatibilityVersion = "Xcode 9.3";
			developmentRegion = en;
			hasScannedForEncodings = 0;
			knownRegions = (
				en,
				Base,
			);
			mainGroup = 0EDE6FFF24F465D300E72D0C;
			packageReferences = (
			);
			productRefGroup = 0EDE700924F465D300E72D0C /* Products */;
			projectDirPath = "";
			projectRoot = "";
			targets = (
				0EDE700724F465D300E72D0C /* NeoMusic-SwiftUI */,
				0EDE701D24F465D700E72D0C /* NeoMusic-SwiftUITests */,
				4960887A2515832E003F1089 /* NeoWidgetExtension */,
			);
		};
/* End PBXProject section */

/* Begin PBXResourcesBuildPhase section */
		0EDE700624F465D300E72D0C /* Resources */ = {
			isa = PBXResourcesBuildPhase;
			buildActionMask = 2147483647;
			files = (
				0EDE701524F465D600E72D0C /* Preview Assets.xcassets in Resources */,
				0EDE701224F465D600E72D0C /* Assets.xcassets in Resources */,
			);
			runOnlyForDeploymentPostprocessing = 0;
		};
		0EDE701C24F465D700E72D0C /* Resources */ = {
			isa = PBXResourcesBuildPhase;
			buildActionMask = 2147483647;
			files = (
			);
			runOnlyForDeploymentPostprocessing = 0;
		};
		496088792515832E003F1089 /* Resources */ = {
			isa = PBXResourcesBuildPhase;
			buildActionMask = 2147483647;
			files = (
				4960888225158331003F1089 /* Assets.xcassets in Resources */,
			);
			runOnlyForDeploymentPostprocessing = 0;
		};
/* End PBXResourcesBuildPhase section */

/* Begin PBXSourcesBuildPhase section */
		0EDE700424F465D300E72D0C /* Sources */ = {
			isa = PBXSourcesBuildPhase;
			buildActionMask = 2147483647;
			files = (
				0E3738DE25649B3D002F5A3C /* SegmentedControl.swift in Sources */,
				0ED0C4A027673D63005343A8 /* TableView.swift in Sources */,
				0E82941A2536783200FB131A /* HostingController.swift in Sources */,
				0EA1848424FB1EBD00111B84 /* Notification.Name+Extension.swift in Sources */,
				0E9D98F52559D9DB00343261 /* Font+Extension.swift in Sources */,
				0E9CCA4D255632E0009AACA7 /* HTTPMethod.swift in Sources */,
				0EB7E26A28FFA16100F2389E /* GeometryProxy+Extension.swift in Sources */,
				0EA9185125773B96009B067A /* ColorSchemeView.swift in Sources */,
				0E8B8B4624F5A0B10029B27D /* SettingsController.swift in Sources */,
				0E0FE7A42553800F002FB781 /* Invocation.swift in Sources */,
				0E886F492554C954006D75F7 /* Queue.swift in Sources */,
				0E7AB59A2547A0C800CA1B40 /* BarButton.swift in Sources */,
				0E3738D925649393002F5A3C /* SliderShape.swift in Sources */,
				0E13D5402924C08B00ADD7A2 /* AudioDistorter.swift in Sources */,
				49E153542515705000767842 /* TabBar.swift in Sources */,
				0EBAE2DF251FB22600752EDE /* View+Extension.swift in Sources */,
				0E4C28FF256E0DD500EB8EF6 /* Binding+Extension.swift in Sources */,
				0EE12DE925686B7500F46D88 /* CDEasyColor+Convenience.swift in Sources */,
				0ED703C027CB617200B82EEA /* DragState.swift in Sources */,
				0E6DF4D4255DA384007DD831 /* CSPresets.swift in Sources */,
				0E49677E2529A384000D166C /* ResignFirstResponderOnDrag.swift in Sources */,
				0EC743EB2585032900FBD8CE /* AnyShape.swift in Sources */,
				0E284E422569AC9C00686E55 /* UserController.swift in Sources */,
				0EF4DC582542508A0006108F /* MusicView.swift in Sources */,
				0E886F442554C906006D75F7 /* MessageController.swift in Sources */,
				0E8B8B4924F5C1480029B27D /* MusicController.swift in Sources */,
				0E284E3D2569A9BA00686E55 /* User.swift in Sources */,
				0E7AB59F2547AD6F00CA1B40 /* ColorPickerDetailView.swift in Sources */,
				0E42F9F924F4F63B00901C89 /* RotatableImage.swift in Sources */,
				0E284E4B2569B02000686E55 /* User.xcdatamodeld in Sources */,
				0E9D98FE2559E32800343261 /* UIImageColor.swift in Sources */,
				0E8B8B4124F59CB80029B27D /* MusicSlider.swift in Sources */,
				0E8B8B4B24F5C19A0029B27D /* Song.swift in Sources */,
				0E49677325299E97000D166C /* SearchBar.swift in Sources */,
				0E3738E62564B86A002F5A3C /* Album.swift in Sources */,
				0E9CCA482556220C009AACA7 /* Hidden.swift in Sources */,
				0EF3F73B254F49A3002AD607 /* Media.swift in Sources */,
				0E7073F425534F2700E11397 /* Dynamic.swift in Sources */,
				0E6290C82565968A00EBA222 /* NeoAristRow.swift in Sources */,
				0E284E272569A8C300686E55 /* EasyGradient.swift in Sources */,
				0E07DFEB252724F8006DDFF6 /* String+Extension.swift in Sources */,
				0E49677425299E97000D166C /* SearchView.swift in Sources */,
				0EA9184C25772CF0009B067A /* SettingsBar.swift in Sources */,
				0EDE700E24F465D300E72D0C /* NeoMusic_SwiftUIApp.swift in Sources */,
				0E284DE525698EDC00686E55 /* CDArtist+Convenience.swift in Sources */,
				0EF4DC4F25424E120006108F /* ProfileView.swift in Sources */,
				0EFC09A0256899A200AA0F28 /* CoreDataStack.swift in Sources */,
				0E9D98C52559BC9800343261 /* View+Neumorph.swift in Sources */,
				0E7BBE8C254F3D18005E035D /* Cache.swift in Sources */,
				0E49677225299E97000D166C /* UIApplication+Extension.swift in Sources */,
				0E9D434B253515C00025B3FD /* FeedbackGenerator.swift in Sources */,
				0EF5178825627A5C00A1B214 /* ColorSlider.swift in Sources */,
				0E6DF4E9255DFD07007DD831 /* UIImage+Extension.swift in Sources */,
				0EE12DEE25686C1E00F46D88 /* CDEasyGradient+Convenience.swift in Sources */,
				0ED0C4A227673F00005343A8 /* UIHostingCell.swift in Sources */,
				0E2C908124F5CF2600AB950D /* Constants.swift in Sources */,
				0E6290CD2565D5B700EBA222 /* UpNextView.swift in Sources */,
				0ED703C227CB61A600B82EEA /* AppTab.swift in Sources */,
				0E3738EB2564B873002F5A3C /* Artist.swift in Sources */,
				0EDE701024F465D300E72D0C /* MusicPlayer.swift in Sources */,
				0E7714852579B65D008BB229 /* DropDownView.swift in Sources */,
				0EE12DE425686ADA00F46D88 /* CDColorScheme+Convenience.swift in Sources */,
				0ECA74DA257AE0D400E82EEC /* IndexPath+Extension.swift in Sources */,
				0E107E2E2599D07900399EC1 /* Array+Extension.swift in Sources */,
				0E9218C92569889F00589B0D /* CDSong+Convenience.swift in Sources */,
				0E8B8B4E24F5C71E0029B27D /* RootView.swift in Sources */,
				0E2C908324F5D5A400AB950D /* JCColorScheme.swift in Sources */,
				0E284E222569A86200686E55 /* EasyColor.swift in Sources */,
				0ED0C4AE27674DCF005343A8 /* CoreGraphics+Extension.swift in Sources */,
				0EB0EFEC255C541C00CEDF50 /* UIDevice+Network.swift in Sources */,
				0E42F9F724F4EC9200901C89 /* DefaultButtonStyle.swift in Sources */,
				0E6DF4D9255DAFDE007DD831 /* CSButton.swift in Sources */,
				0E8B8B3F24F587B10029B27D /* Image+Extension.swift in Sources */,
				0E886F4E2554CB59006D75F7 /* Message.swift in Sources */,
				0E107E36259ABD4F00399EC1 /* AnyTransition+Extension.swift in Sources */,
				0E49677525299E97000D166C /* NeoSongRow.swift in Sources */,
				0E284DE025698AAB00686E55 /* CDAlbum+Convenience.swift in Sources */,
				0E8B8B4324F5A04D0029B27D /* Color+Extension.swift in Sources */,
				0E5927C7259D54A6003E4CA3 /* NeoTimelineEntry.swift in Sources */,
				0E6290C32565955600EBA222 /* NeoAlbumRow.swift in Sources */,
			);
			runOnlyForDeploymentPostprocessing = 0;
		};
		0EDE701A24F465D700E72D0C /* Sources */ = {
			isa = PBXSourcesBuildPhase;
			buildActionMask = 2147483647;
			files = (
				0EE413852528B56A003890A1 /* NeoMusic_SwiftUITests.swift in Sources */,
			);
			runOnlyForDeploymentPostprocessing = 0;
		};
		496088772515832E003F1089 /* Sources */ = {
			isa = PBXSourcesBuildPhase;
			buildActionMask = 2147483647;
			files = (
				0E592796259D3672003E4CA3 /* NeoTimelineEntry.swift in Sources */,
				0EF3F73F254F49BE002AD607 /* Media.swift in Sources */,
				0E5927B2259D4B4D003E4CA3 /* Artist.swift in Sources */,
				0E5927A2259D4B02003E4CA3 /* MusicController.swift in Sources */,
				0E9D98EC2559D82500343261 /* View+Neumorph.swift in Sources */,
				0E09F8182584E06F007F84CE /* View+Extension.swift in Sources */,
				4960889725158392003F1089 /* WidgetArtwork.swift in Sources */,
				496088B0251583E3003F1089 /* Image+Extension.swift in Sources */,
				0E284E2E2569A94F00686E55 /* JCColorScheme.swift in Sources */,
				0E5927BB259D5148003E4CA3 /* Array+Extension.swift in Sources */,
				4960889125158368003F1089 /* NeoWidget.swift in Sources */,
				496088A8251583D3003F1089 /* SettingsController.swift in Sources */,
				0EC743EF258503BE00FBD8CE /* AnyShape.swift in Sources */,
				0E5927AE259D4B4B003E4CA3 /* Album.swift in Sources */,
				0E5927C3259D5188003E4CA3 /* Cache.swift in Sources */,
				4960889C251583B6003F1089 /* Constants.swift in Sources */,
				0E5927BF259D5159003E4CA3 /* HTTPMethod.swift in Sources */,
				0E59278A259D313D003E4CA3 /* Dynamic.swift in Sources */,
				0E284E322569A95800686E55 /* EasyColor.swift in Sources */,
				0E5927AA259D4B2E003E4CA3 /* Hidden.swift in Sources */,
				0E284E362569A95C00686E55 /* EasyGradient.swift in Sources */,
				0E592775259D2F99003E4CA3 /* Song.swift in Sources */,
				0EE4136C25278910003890A1 /* String+Extension.swift in Sources */,
				0E5927A6259D4B18003E4CA3 /* Queue.swift in Sources */,
				0E6DF4ED255DFD9F007DD831 /* UIImage+Extension.swift in Sources */,
				0E59279E259D4222003E4CA3 /* Invocation.swift in Sources */,
				0E9D98F92559D9DD00343261 /* Font+Extension.swift in Sources */,
				496088AC251583E0003F1089 /* Color+Extension.swift in Sources */,
			);
			runOnlyForDeploymentPostprocessing = 0;
		};
/* End PBXSourcesBuildPhase section */

/* Begin PBXTargetDependency section */
		0EDE702024F465D700E72D0C /* PBXTargetDependency */ = {
			isa = PBXTargetDependency;
			target = 0EDE700724F465D300E72D0C /* NeoMusic-SwiftUI */;
			targetProxy = 0EDE701F24F465D700E72D0C /* PBXContainerItemProxy */;
		};
		4960888525158331003F1089 /* PBXTargetDependency */ = {
			isa = PBXTargetDependency;
			target = 4960887A2515832E003F1089 /* NeoWidgetExtension */;
			targetProxy = 4960888425158331003F1089 /* PBXContainerItemProxy */;
		};
/* End PBXTargetDependency section */

/* Begin XCBuildConfiguration section */
		0EDE703024F465D700E72D0C /* Debug */ = {
			isa = XCBuildConfiguration;
			buildSettings = {
				ALWAYS_SEARCH_USER_PATHS = NO;
				CLANG_ANALYZER_NONNULL = YES;
				CLANG_ANALYZER_NUMBER_OBJECT_CONVERSION = YES_AGGRESSIVE;
				CLANG_CXX_LANGUAGE_STANDARD = "gnu++14";
				CLANG_CXX_LIBRARY = "libc++";
				CLANG_ENABLE_MODULES = YES;
				CLANG_ENABLE_OBJC_ARC = YES;
				CLANG_ENABLE_OBJC_WEAK = YES;
				CLANG_WARN_BLOCK_CAPTURE_AUTORELEASING = YES;
				CLANG_WARN_BOOL_CONVERSION = YES;
				CLANG_WARN_COMMA = YES;
				CLANG_WARN_CONSTANT_CONVERSION = YES;
				CLANG_WARN_DEPRECATED_OBJC_IMPLEMENTATIONS = YES;
				CLANG_WARN_DIRECT_OBJC_ISA_USAGE = YES_ERROR;
				CLANG_WARN_DOCUMENTATION_COMMENTS = YES;
				CLANG_WARN_EMPTY_BODY = YES;
				CLANG_WARN_ENUM_CONVERSION = YES;
				CLANG_WARN_INFINITE_RECURSION = YES;
				CLANG_WARN_INT_CONVERSION = YES;
				CLANG_WARN_NON_LITERAL_NULL_CONVERSION = YES;
				CLANG_WARN_OBJC_IMPLICIT_RETAIN_SELF = YES;
				CLANG_WARN_OBJC_LITERAL_CONVERSION = YES;
				CLANG_WARN_OBJC_ROOT_CLASS = YES_ERROR;
				CLANG_WARN_QUOTED_INCLUDE_IN_FRAMEWORK_HEADER = YES;
				CLANG_WARN_RANGE_LOOP_ANALYSIS = YES;
				CLANG_WARN_STRICT_PROTOTYPES = YES;
				CLANG_WARN_SUSPICIOUS_MOVE = YES;
				CLANG_WARN_UNGUARDED_AVAILABILITY = YES_AGGRESSIVE;
				CLANG_WARN_UNREACHABLE_CODE = YES;
				CLANG_WARN__DUPLICATE_METHOD_MATCH = YES;
				COPY_PHASE_STRIP = NO;
				DEBUG_INFORMATION_FORMAT = dwarf;
				ENABLE_STRICT_OBJC_MSGSEND = YES;
				ENABLE_TESTABILITY = YES;
				GCC_C_LANGUAGE_STANDARD = gnu11;
				GCC_DYNAMIC_NO_PIC = NO;
				GCC_NO_COMMON_BLOCKS = YES;
				GCC_OPTIMIZATION_LEVEL = 0;
				GCC_PREPROCESSOR_DEFINITIONS = (
					"DEBUG=1",
					"$(inherited)",
				);
				GCC_WARN_64_TO_32_BIT_CONVERSION = YES;
				GCC_WARN_ABOUT_RETURN_TYPE = YES_ERROR;
				GCC_WARN_UNDECLARED_SELECTOR = YES;
				GCC_WARN_UNINITIALIZED_AUTOS = YES_AGGRESSIVE;
				GCC_WARN_UNUSED_FUNCTION = YES;
				GCC_WARN_UNUSED_VARIABLE = YES;
				IPHONEOS_DEPLOYMENT_TARGET = 14.0;
				MTL_ENABLE_DEBUG_INFO = INCLUDE_SOURCE;
				MTL_FAST_MATH = YES;
				ONLY_ACTIVE_ARCH = YES;
				SDKROOT = iphoneos;
				SWIFT_ACTIVE_COMPILATION_CONDITIONS = DEBUG;
				SWIFT_OPTIMIZATION_LEVEL = "-Onone";
			};
			name = Debug;
		};
		0EDE703124F465D700E72D0C /* Release */ = {
			isa = XCBuildConfiguration;
			buildSettings = {
				ALWAYS_SEARCH_USER_PATHS = NO;
				CLANG_ANALYZER_NONNULL = YES;
				CLANG_ANALYZER_NUMBER_OBJECT_CONVERSION = YES_AGGRESSIVE;
				CLANG_CXX_LANGUAGE_STANDARD = "gnu++14";
				CLANG_CXX_LIBRARY = "libc++";
				CLANG_ENABLE_MODULES = YES;
				CLANG_ENABLE_OBJC_ARC = YES;
				CLANG_ENABLE_OBJC_WEAK = YES;
				CLANG_WARN_BLOCK_CAPTURE_AUTORELEASING = YES;
				CLANG_WARN_BOOL_CONVERSION = YES;
				CLANG_WARN_COMMA = YES;
				CLANG_WARN_CONSTANT_CONVERSION = YES;
				CLANG_WARN_DEPRECATED_OBJC_IMPLEMENTATIONS = YES;
				CLANG_WARN_DIRECT_OBJC_ISA_USAGE = YES_ERROR;
				CLANG_WARN_DOCUMENTATION_COMMENTS = YES;
				CLANG_WARN_EMPTY_BODY = YES;
				CLANG_WARN_ENUM_CONVERSION = YES;
				CLANG_WARN_INFINITE_RECURSION = YES;
				CLANG_WARN_INT_CONVERSION = YES;
				CLANG_WARN_NON_LITERAL_NULL_CONVERSION = YES;
				CLANG_WARN_OBJC_IMPLICIT_RETAIN_SELF = YES;
				CLANG_WARN_OBJC_LITERAL_CONVERSION = YES;
				CLANG_WARN_OBJC_ROOT_CLASS = YES_ERROR;
				CLANG_WARN_QUOTED_INCLUDE_IN_FRAMEWORK_HEADER = YES;
				CLANG_WARN_RANGE_LOOP_ANALYSIS = YES;
				CLANG_WARN_STRICT_PROTOTYPES = YES;
				CLANG_WARN_SUSPICIOUS_MOVE = YES;
				CLANG_WARN_UNGUARDED_AVAILABILITY = YES_AGGRESSIVE;
				CLANG_WARN_UNREACHABLE_CODE = YES;
				CLANG_WARN__DUPLICATE_METHOD_MATCH = YES;
				COPY_PHASE_STRIP = NO;
				DEBUG_INFORMATION_FORMAT = "dwarf-with-dsym";
				ENABLE_NS_ASSERTIONS = NO;
				ENABLE_STRICT_OBJC_MSGSEND = YES;
				GCC_C_LANGUAGE_STANDARD = gnu11;
				GCC_NO_COMMON_BLOCKS = YES;
				GCC_WARN_64_TO_32_BIT_CONVERSION = YES;
				GCC_WARN_ABOUT_RETURN_TYPE = YES_ERROR;
				GCC_WARN_UNDECLARED_SELECTOR = YES;
				GCC_WARN_UNINITIALIZED_AUTOS = YES_AGGRESSIVE;
				GCC_WARN_UNUSED_FUNCTION = YES;
				GCC_WARN_UNUSED_VARIABLE = YES;
				IPHONEOS_DEPLOYMENT_TARGET = 14.0;
				MTL_ENABLE_DEBUG_INFO = NO;
				MTL_FAST_MATH = YES;
				SDKROOT = iphoneos;
				SWIFT_COMPILATION_MODE = wholemodule;
				SWIFT_OPTIMIZATION_LEVEL = "-O";
				VALIDATE_PRODUCT = YES;
			};
			name = Release;
		};
		0EDE703324F465D700E72D0C /* Debug */ = {
			isa = XCBuildConfiguration;
			buildSettings = {
				ALWAYS_EMBED_SWIFT_STANDARD_LIBRARIES = YES;
				ASSETCATALOG_COMPILER_APPICON_NAME = AppIcon;
				ASSETCATALOG_COMPILER_GLOBAL_ACCENT_COLOR_NAME = AccentColor;
				CLANG_ENABLE_MODULES = YES;
				CODE_SIGN_STYLE = Automatic;
				CURRENT_PROJECT_VERSION = 5;
				DEVELOPMENT_ASSET_PATHS = "\"NeoMusic-SwiftUI/Preview Content\"";
				DEVELOPMENT_TEAM = HFR8F4BT7E;
				ENABLE_PREVIEWS = YES;
				INFOPLIST_FILE = "NeoMusic-SwiftUI/Resources/Info.plist";
				IPHONEOS_DEPLOYMENT_TARGET = 15.0;
				LD_RUNPATH_SEARCH_PATHS = (
					"$(inherited)",
					"@executable_path/Frameworks",
				);
				PRODUCT_BUNDLE_IDENTIFIER = "com.mazjap.NeoMusic-SwiftUI";
				PRODUCT_NAME = "$(TARGET_NAME)";
				SWIFT_OPTIMIZATION_LEVEL = "-Onone";
				SWIFT_VERSION = 5.0;
				TARGETED_DEVICE_FAMILY = "1,2";
			};
			name = Debug;
		};
		0EDE703424F465D700E72D0C /* Release */ = {
			isa = XCBuildConfiguration;
			buildSettings = {
				ALWAYS_EMBED_SWIFT_STANDARD_LIBRARIES = YES;
				ASSETCATALOG_COMPILER_APPICON_NAME = AppIcon;
				ASSETCATALOG_COMPILER_GLOBAL_ACCENT_COLOR_NAME = AccentColor;
				CLANG_ENABLE_MODULES = YES;
				CODE_SIGN_STYLE = Automatic;
				CURRENT_PROJECT_VERSION = 5;
				DEVELOPMENT_ASSET_PATHS = "\"NeoMusic-SwiftUI/Preview Content\"";
				DEVELOPMENT_TEAM = HFR8F4BT7E;
				ENABLE_PREVIEWS = YES;
				INFOPLIST_FILE = "NeoMusic-SwiftUI/Resources/Info.plist";
				IPHONEOS_DEPLOYMENT_TARGET = 15.0;
				LD_RUNPATH_SEARCH_PATHS = (
					"$(inherited)",
					"@executable_path/Frameworks",
				);
				PRODUCT_BUNDLE_IDENTIFIER = "com.mazjap.NeoMusic-SwiftUI";
				PRODUCT_NAME = "$(TARGET_NAME)";
				SWIFT_VERSION = 5.0;
				TARGETED_DEVICE_FAMILY = "1,2";
			};
			name = Release;
		};
		0EDE703624F465D700E72D0C /* Debug */ = {
			isa = XCBuildConfiguration;
			buildSettings = {
				ALWAYS_EMBED_SWIFT_STANDARD_LIBRARIES = YES;
				BUNDLE_LOADER = "$(TEST_HOST)";
				CODE_SIGN_STYLE = Automatic;
				DEVELOPMENT_TEAM = HFR8F4BT7E;
				INFOPLIST_FILE = "NeoMusic-SwiftUITests/Info.plist";
				IPHONEOS_DEPLOYMENT_TARGET = 14.0;
				LD_RUNPATH_SEARCH_PATHS = (
					"$(inherited)",
					"@executable_path/Frameworks",
					"@loader_path/Frameworks",
				);
				PRODUCT_BUNDLE_IDENTIFIER = "com.mazjap.NeoMusic-SwiftUITests";
				PRODUCT_NAME = "$(TARGET_NAME)";
				SWIFT_VERSION = 5.0;
				TARGETED_DEVICE_FAMILY = "1,2";
				TEST_HOST = "$(BUILT_PRODUCTS_DIR)/NeoMusic-SwiftUI.app/NeoMusic-SwiftUI";
			};
			name = Debug;
		};
		0EDE703724F465D700E72D0C /* Release */ = {
			isa = XCBuildConfiguration;
			buildSettings = {
				ALWAYS_EMBED_SWIFT_STANDARD_LIBRARIES = YES;
				BUNDLE_LOADER = "$(TEST_HOST)";
				CODE_SIGN_STYLE = Automatic;
				DEVELOPMENT_TEAM = HFR8F4BT7E;
				INFOPLIST_FILE = "NeoMusic-SwiftUITests/Info.plist";
				IPHONEOS_DEPLOYMENT_TARGET = 14.0;
				LD_RUNPATH_SEARCH_PATHS = (
					"$(inherited)",
					"@executable_path/Frameworks",
					"@loader_path/Frameworks",
				);
				PRODUCT_BUNDLE_IDENTIFIER = "com.mazjap.NeoMusic-SwiftUITests";
				PRODUCT_NAME = "$(TARGET_NAME)";
				SWIFT_VERSION = 5.0;
				TARGETED_DEVICE_FAMILY = "1,2";
				TEST_HOST = "$(BUILT_PRODUCTS_DIR)/NeoMusic-SwiftUI.app/NeoMusic-SwiftUI";
			};
			name = Release;
		};
		4960888825158331003F1089 /* Debug */ = {
			isa = XCBuildConfiguration;
			buildSettings = {
				ASSETCATALOG_COMPILER_GLOBAL_ACCENT_COLOR_NAME = AccentColor;
				ASSETCATALOG_COMPILER_WIDGET_BACKGROUND_COLOR_NAME = WidgetBackground;
				CLANG_ENABLE_MODULES = YES;
				CODE_SIGN_STYLE = Automatic;
				CURRENT_PROJECT_VERSION = 5;
				DEVELOPMENT_TEAM = HFR8F4BT7E;
				INFOPLIST_FILE = NeoWidget/Info.plist;
				LD_RUNPATH_SEARCH_PATHS = (
					"$(inherited)",
					"@executable_path/Frameworks",
					"@executable_path/../../Frameworks",
				);
				PRODUCT_BUNDLE_IDENTIFIER = "com.mazjap.NeoMusic-SwiftUI.NeoWidget";
				PRODUCT_NAME = "$(TARGET_NAME)";
				SKIP_INSTALL = YES;
				SWIFT_OPTIMIZATION_LEVEL = "-Onone";
				SWIFT_VERSION = 5.0;
				TARGETED_DEVICE_FAMILY = "1,2";
			};
			name = Debug;
		};
		4960888925158331003F1089 /* Release */ = {
			isa = XCBuildConfiguration;
			buildSettings = {
				ASSETCATALOG_COMPILER_GLOBAL_ACCENT_COLOR_NAME = AccentColor;
				ASSETCATALOG_COMPILER_WIDGET_BACKGROUND_COLOR_NAME = WidgetBackground;
				CLANG_ENABLE_MODULES = YES;
				CODE_SIGN_STYLE = Automatic;
				CURRENT_PROJECT_VERSION = 5;
				DEVELOPMENT_TEAM = HFR8F4BT7E;
				INFOPLIST_FILE = NeoWidget/Info.plist;
				LD_RUNPATH_SEARCH_PATHS = (
					"$(inherited)",
					"@executable_path/Frameworks",
					"@executable_path/../../Frameworks",
				);
				PRODUCT_BUNDLE_IDENTIFIER = "com.mazjap.NeoMusic-SwiftUI.NeoWidget";
				PRODUCT_NAME = "$(TARGET_NAME)";
				SKIP_INSTALL = YES;
				SWIFT_VERSION = 5.0;
				TARGETED_DEVICE_FAMILY = "1,2";
			};
			name = Release;
		};
/* End XCBuildConfiguration section */

/* Begin XCConfigurationList section */
		0EDE700324F465D300E72D0C /* Build configuration list for PBXProject "NeoMusic-SwiftUI" */ = {
			isa = XCConfigurationList;
			buildConfigurations = (
				0EDE703024F465D700E72D0C /* Debug */,
				0EDE703124F465D700E72D0C /* Release */,
			);
			defaultConfigurationIsVisible = 0;
			defaultConfigurationName = Release;
		};
		0EDE703224F465D700E72D0C /* Build configuration list for PBXNativeTarget "NeoMusic-SwiftUI" */ = {
			isa = XCConfigurationList;
			buildConfigurations = (
				0EDE703324F465D700E72D0C /* Debug */,
				0EDE703424F465D700E72D0C /* Release */,
			);
			defaultConfigurationIsVisible = 0;
			defaultConfigurationName = Release;
		};
		0EDE703524F465D700E72D0C /* Build configuration list for PBXNativeTarget "NeoMusic-SwiftUITests" */ = {
			isa = XCConfigurationList;
			buildConfigurations = (
				0EDE703624F465D700E72D0C /* Debug */,
				0EDE703724F465D700E72D0C /* Release */,
			);
			defaultConfigurationIsVisible = 0;
			defaultConfigurationName = Release;
		};
		4960888725158331003F1089 /* Build configuration list for PBXNativeTarget "NeoWidgetExtension" */ = {
			isa = XCConfigurationList;
			buildConfigurations = (
				4960888825158331003F1089 /* Debug */,
				4960888925158331003F1089 /* Release */,
			);
			defaultConfigurationIsVisible = 0;
			defaultConfigurationName = Release;
		};
/* End XCConfigurationList section */

/* Begin XCVersionGroup section */
		0E284E492569B02000686E55 /* User.xcdatamodeld */ = {
			isa = XCVersionGroup;
			children = (
				0E284E4A2569B02000686E55 /* User.xcdatamodel */,
			);
			currentVersion = 0E284E4A2569B02000686E55 /* User.xcdatamodel */;
			path = User.xcdatamodeld;
			sourceTree = "<group>";
			versionGroupType = wrapper.xcdatamodel;
		};
/* End XCVersionGroup section */
	};
	rootObject = 0EDE700024F465D300E72D0C /* Project object */;
}
