// !$*UTF8*$!
{
	archiveVersion = 1;
	classes = {
	};
	objectVersion = 50;
	objects = {

/* Begin PBXBuildFile section */
		0E07DFEB252724F8006DDFF6 /* String+Extension.swift in Sources */ = {isa = PBXBuildFile; fileRef = 0E07DFEA252724F8006DDFF6 /* String+Extension.swift */; };
		0E2C908124F5CF2600AB950D /* Constants.swift in Sources */ = {isa = PBXBuildFile; fileRef = 0E2C908024F5CF2600AB950D /* Constants.swift */; };
		0E2C908324F5D5A400AB950D /* JCColorScheme.swift in Sources */ = {isa = PBXBuildFile; fileRef = 0E2C908224F5D5A400AB950D /* JCColorScheme.swift */; };
		0E42F9F724F4EC9200901C89 /* DefaultButton.swift in Sources */ = {isa = PBXBuildFile; fileRef = 0E42F9F624F4EC9200901C89 /* DefaultButton.swift */; };
		0E42F9F924F4F63B00901C89 /* MusicArtwork.swift in Sources */ = {isa = PBXBuildFile; fileRef = 0E42F9F824F4F63B00901C89 /* MusicArtwork.swift */; };
		0E49677225299E97000D166C /* UIApplication+Extension.swift in Sources */ = {isa = PBXBuildFile; fileRef = 0E49676D25299E96000D166C /* UIApplication+Extension.swift */; };
		0E49677325299E97000D166C /* SearchBar.swift in Sources */ = {isa = PBXBuildFile; fileRef = 0E49676E25299E97000D166C /* SearchBar.swift */; };
		0E49677425299E97000D166C /* SearchView.swift in Sources */ = {isa = PBXBuildFile; fileRef = 0E49676F25299E97000D166C /* SearchView.swift */; };
		0E49677525299E97000D166C /* NeoSongRow.swift in Sources */ = {isa = PBXBuildFile; fileRef = 0E49677025299E97000D166C /* NeoSongRow.swift */; };
		0E49677625299E97000D166C /* Queue.swift in Sources */ = {isa = PBXBuildFile; fileRef = 0E49677125299E97000D166C /* Queue.swift */; };
		0E49677E2529A384000D166C /* ResignFirstResponderOnDrag.swift in Sources */ = {isa = PBXBuildFile; fileRef = 0E49677D2529A383000D166C /* ResignFirstResponderOnDrag.swift */; };
		0E8B8B3F24F587B10029B27D /* Image+Extension.swift in Sources */ = {isa = PBXBuildFile; fileRef = 0E8B8B3E24F587B10029B27D /* Image+Extension.swift */; };
		0E8B8B4124F59CB80029B27D /* MusicSlider.swift in Sources */ = {isa = PBXBuildFile; fileRef = 0E8B8B4024F59CB80029B27D /* MusicSlider.swift */; };
		0E8B8B4324F5A04D0029B27D /* Color+Extension.swift in Sources */ = {isa = PBXBuildFile; fileRef = 0E8B8B4224F5A04D0029B27D /* Color+Extension.swift */; };
		0E8B8B4624F5A0B10029B27D /* SettingsController.swift in Sources */ = {isa = PBXBuildFile; fileRef = 0E8B8B4524F5A0B10029B27D /* SettingsController.swift */; };
		0E8B8B4924F5C1480029B27D /* MusicPlayerController.swift in Sources */ = {isa = PBXBuildFile; fileRef = 0E8B8B4824F5C1480029B27D /* MusicPlayerController.swift */; };
		0E8B8B4B24F5C19A0029B27D /* Song.swift in Sources */ = {isa = PBXBuildFile; fileRef = 0E8B8B4A24F5C1990029B27D /* Song.swift */; };
		0E8B8B4E24F5C71E0029B27D /* AppView.swift in Sources */ = {isa = PBXBuildFile; fileRef = 0E8B8B4D24F5C71E0029B27D /* AppView.swift */; };
		0E8EFA22252D367500B78F3E /* SongSearchController.swift in Sources */ = {isa = PBXBuildFile; fileRef = 0E8EFA21252D367500B78F3E /* SongSearchController.swift */; };
		0EA1848424FB1EBD00111B84 /* Notification.Name+Extension.swift in Sources */ = {isa = PBXBuildFile; fileRef = 0EA1848324FB1EBC00111B84 /* Notification.Name+Extension.swift */; };
		0EBAE2D2251FB01000752EDE /* Neumorph.swift in Sources */ = {isa = PBXBuildFile; fileRef = 0EBAE2D1251FB01000752EDE /* Neumorph.swift */; };
		0EBAE2DF251FB22600752EDE /* View+Extension.swift in Sources */ = {isa = PBXBuildFile; fileRef = 0EBAE2DE251FB22600752EDE /* View+Extension.swift */; };
		0EDE700C24F465D300E72D0C /* AppDelegate.swift in Sources */ = {isa = PBXBuildFile; fileRef = 0EDE700B24F465D300E72D0C /* AppDelegate.swift */; };
		0EDE700E24F465D300E72D0C /* SceneDelegate.swift in Sources */ = {isa = PBXBuildFile; fileRef = 0EDE700D24F465D300E72D0C /* SceneDelegate.swift */; };
		0EDE701024F465D300E72D0C /* MusicPlayer.swift in Sources */ = {isa = PBXBuildFile; fileRef = 0EDE700F24F465D300E72D0C /* MusicPlayer.swift */; };
		0EDE701224F465D600E72D0C /* Assets.xcassets in Resources */ = {isa = PBXBuildFile; fileRef = 0EDE701124F465D600E72D0C /* Assets.xcassets */; };
		0EDE701524F465D600E72D0C /* Preview Assets.xcassets in Resources */ = {isa = PBXBuildFile; fileRef = 0EDE701424F465D600E72D0C /* Preview Assets.xcassets */; };
		0EDE701824F465D600E72D0C /* LaunchScreen.storyboard in Resources */ = {isa = PBXBuildFile; fileRef = 0EDE701624F465D600E72D0C /* LaunchScreen.storyboard */; };
		0EE4136C25278910003890A1 /* String+Extension.swift in Sources */ = {isa = PBXBuildFile; fileRef = 0E07DFEA252724F8006DDFF6 /* String+Extension.swift */; };
		0EE413852528B56A003890A1 /* NeoMusic_SwiftUITests.swift in Sources */ = {isa = PBXBuildFile; fileRef = 0EDE702224F465D700E72D0C /* NeoMusic_SwiftUITests.swift */; };
		4960887C2515832E003F1089 /* WidgetKit.framework in Frameworks */ = {isa = PBXBuildFile; fileRef = 4960882F25158085003F1089 /* WidgetKit.framework */; };
		4960887D2515832E003F1089 /* SwiftUI.framework in Frameworks */ = {isa = PBXBuildFile; fileRef = 4960883125158085003F1089 /* SwiftUI.framework */; };
		4960888225158331003F1089 /* Assets.xcassets in Resources */ = {isa = PBXBuildFile; fileRef = 4960888125158331003F1089 /* Assets.xcassets */; };
		4960888625158331003F1089 /* NeoWidgetExtension.appex in Embed App Extensions */ = {isa = PBXBuildFile; fileRef = 4960887B2515832E003F1089 /* NeoWidgetExtension.appex */; settings = {ATTRIBUTES = (RemoveHeadersOnCopy, ); }; };
		4960889125158368003F1089 /* NeoWidget.swift in Sources */ = {isa = PBXBuildFile; fileRef = 4960889025158368003F1089 /* NeoWidget.swift */; };
		4960889725158392003F1089 /* WidgetArtwork.swift in Sources */ = {isa = PBXBuildFile; fileRef = 4960889525158392003F1089 /* WidgetArtwork.swift */; };
		4960889825158392003F1089 /* Controller.swift in Sources */ = {isa = PBXBuildFile; fileRef = 4960889625158392003F1089 /* Controller.swift */; };
		4960889C251583B6003F1089 /* Constants.swift in Sources */ = {isa = PBXBuildFile; fileRef = 0E2C908024F5CF2600AB950D /* Constants.swift */; };
		496088A0251583BF003F1089 /* Song.swift in Sources */ = {isa = PBXBuildFile; fileRef = 0E8B8B4A24F5C1990029B27D /* Song.swift */; };
		496088A4251583C1003F1089 /* JCColorScheme.swift in Sources */ = {isa = PBXBuildFile; fileRef = 0E2C908224F5D5A400AB950D /* JCColorScheme.swift */; };
		496088A8251583D3003F1089 /* SettingsController.swift in Sources */ = {isa = PBXBuildFile; fileRef = 0E8B8B4524F5A0B10029B27D /* SettingsController.swift */; };
		496088AC251583E0003F1089 /* Color+Extension.swift in Sources */ = {isa = PBXBuildFile; fileRef = 0E8B8B4224F5A04D0029B27D /* Color+Extension.swift */; };
		496088B0251583E3003F1089 /* Image+Extension.swift in Sources */ = {isa = PBXBuildFile; fileRef = 0E8B8B3E24F587B10029B27D /* Image+Extension.swift */; };
		49E153542515705000767842 /* TabBar.swift in Sources */ = {isa = PBXBuildFile; fileRef = 49E153532515705000767842 /* TabBar.swift */; };
		49E1535C251570A500767842 /* TabItem.swift in Sources */ = {isa = PBXBuildFile; fileRef = 49E1535B251570A500767842 /* TabItem.swift */; };
/* End PBXBuildFile section */

/* Begin PBXContainerItemProxy section */
		0EDE701F24F465D700E72D0C /* PBXContainerItemProxy */ = {
			isa = PBXContainerItemProxy;
			containerPortal = 0EDE700024F465D300E72D0C /* Project object */;
			proxyType = 1;
			remoteGlobalIDString = 0EDE700724F465D300E72D0C;
			remoteInfo = "NeoMusic-SwiftUI";
		};
		4960888425158331003F1089 /* PBXContainerItemProxy */ = {
			isa = PBXContainerItemProxy;
			containerPortal = 0EDE700024F465D300E72D0C /* Project object */;
			proxyType = 1;
			remoteGlobalIDString = 4960887A2515832E003F1089;
			remoteInfo = NeoWidgetExtension;
		};
/* End PBXContainerItemProxy section */

/* Begin PBXCopyFilesBuildPhase section */
		4960883F25158089003F1089 /* Embed App Extensions */ = {
			isa = PBXCopyFilesBuildPhase;
			buildActionMask = 2147483647;
			dstPath = "";
			dstSubfolderSpec = 13;
			files = (
				4960888625158331003F1089 /* NeoWidgetExtension.appex in Embed App Extensions */,
			);
			name = "Embed App Extensions";
			runOnlyForDeploymentPostprocessing = 0;
		};
/* End PBXCopyFilesBuildPhase section */

/* Begin PBXFileReference section */
		0E07DFEA252724F8006DDFF6 /* String+Extension.swift */ = {isa = PBXFileReference; lastKnownFileType = sourcecode.swift; path = "String+Extension.swift"; sourceTree = "<group>"; };
		0E2C908024F5CF2600AB950D /* Constants.swift */ = {isa = PBXFileReference; lastKnownFileType = sourcecode.swift; path = Constants.swift; sourceTree = "<group>"; };
		0E2C908224F5D5A400AB950D /* JCColorScheme.swift */ = {isa = PBXFileReference; lastKnownFileType = sourcecode.swift; path = JCColorScheme.swift; sourceTree = "<group>"; };
		0E42F9F624F4EC9200901C89 /* DefaultButton.swift */ = {isa = PBXFileReference; lastKnownFileType = sourcecode.swift; path = DefaultButton.swift; sourceTree = "<group>"; };
		0E42F9F824F4F63B00901C89 /* MusicArtwork.swift */ = {isa = PBXFileReference; lastKnownFileType = sourcecode.swift; path = MusicArtwork.swift; sourceTree = "<group>"; };
		0E49676D25299E96000D166C /* UIApplication+Extension.swift */ = {isa = PBXFileReference; fileEncoding = 4; lastKnownFileType = sourcecode.swift; path = "UIApplication+Extension.swift"; sourceTree = "<group>"; };
		0E49676E25299E97000D166C /* SearchBar.swift */ = {isa = PBXFileReference; fileEncoding = 4; lastKnownFileType = sourcecode.swift; path = SearchBar.swift; sourceTree = "<group>"; };
		0E49676F25299E97000D166C /* SearchView.swift */ = {isa = PBXFileReference; fileEncoding = 4; lastKnownFileType = sourcecode.swift; path = SearchView.swift; sourceTree = "<group>"; };
		0E49677025299E97000D166C /* NeoSongRow.swift */ = {isa = PBXFileReference; fileEncoding = 4; lastKnownFileType = sourcecode.swift; path = NeoSongRow.swift; sourceTree = "<group>"; };
		0E49677125299E97000D166C /* Queue.swift */ = {isa = PBXFileReference; fileEncoding = 4; lastKnownFileType = sourcecode.swift; path = Queue.swift; sourceTree = "<group>"; };
		0E49677D2529A383000D166C /* ResignFirstResponderOnDrag.swift */ = {isa = PBXFileReference; fileEncoding = 4; lastKnownFileType = sourcecode.swift; path = ResignFirstResponderOnDrag.swift; sourceTree = "<group>"; };
		0E8B8B3E24F587B10029B27D /* Image+Extension.swift */ = {isa = PBXFileReference; lastKnownFileType = sourcecode.swift; path = "Image+Extension.swift"; sourceTree = "<group>"; };
		0E8B8B4024F59CB80029B27D /* MusicSlider.swift */ = {isa = PBXFileReference; lastKnownFileType = sourcecode.swift; path = MusicSlider.swift; sourceTree = "<group>"; };
		0E8B8B4224F5A04D0029B27D /* Color+Extension.swift */ = {isa = PBXFileReference; lastKnownFileType = sourcecode.swift; path = "Color+Extension.swift"; sourceTree = "<group>"; };
		0E8B8B4524F5A0B10029B27D /* SettingsController.swift */ = {isa = PBXFileReference; lastKnownFileType = sourcecode.swift; path = SettingsController.swift; sourceTree = "<group>"; };
		0E8B8B4824F5C1480029B27D /* MusicPlayerController.swift */ = {isa = PBXFileReference; lastKnownFileType = sourcecode.swift; path = MusicPlayerController.swift; sourceTree = "<group>"; };
		0E8B8B4A24F5C1990029B27D /* Song.swift */ = {isa = PBXFileReference; lastKnownFileType = sourcecode.swift; path = Song.swift; sourceTree = "<group>"; };
		0E8B8B4D24F5C71E0029B27D /* AppView.swift */ = {isa = PBXFileReference; lastKnownFileType = sourcecode.swift; path = AppView.swift; sourceTree = "<group>"; };
		0E8EFA21252D367500B78F3E /* SongSearchController.swift */ = {isa = PBXFileReference; lastKnownFileType = sourcecode.swift; path = SongSearchController.swift; sourceTree = "<group>"; };
		0EA1848324FB1EBC00111B84 /* Notification.Name+Extension.swift */ = {isa = PBXFileReference; lastKnownFileType = sourcecode.swift; path = "Notification.Name+Extension.swift"; sourceTree = "<group>"; };
		0EBAE2D1251FB01000752EDE /* Neumorph.swift */ = {isa = PBXFileReference; lastKnownFileType = sourcecode.swift; path = Neumorph.swift; sourceTree = "<group>"; };
		0EBAE2DE251FB22600752EDE /* View+Extension.swift */ = {isa = PBXFileReference; lastKnownFileType = sourcecode.swift; path = "View+Extension.swift"; sourceTree = "<group>"; };
		0EDE700824F465D300E72D0C /* NeoMusic-SwiftUI.app */ = {isa = PBXFileReference; explicitFileType = wrapper.application; includeInIndex = 0; path = "NeoMusic-SwiftUI.app"; sourceTree = BUILT_PRODUCTS_DIR; };
		0EDE700B24F465D300E72D0C /* AppDelegate.swift */ = {isa = PBXFileReference; lastKnownFileType = sourcecode.swift; path = AppDelegate.swift; sourceTree = "<group>"; };
		0EDE700D24F465D300E72D0C /* SceneDelegate.swift */ = {isa = PBXFileReference; lastKnownFileType = sourcecode.swift; path = SceneDelegate.swift; sourceTree = "<group>"; };
		0EDE700F24F465D300E72D0C /* MusicPlayer.swift */ = {isa = PBXFileReference; lastKnownFileType = sourcecode.swift; path = MusicPlayer.swift; sourceTree = "<group>"; };
		0EDE701124F465D600E72D0C /* Assets.xcassets */ = {isa = PBXFileReference; lastKnownFileType = folder.assetcatalog; path = Assets.xcassets; sourceTree = "<group>"; };
		0EDE701424F465D600E72D0C /* Preview Assets.xcassets */ = {isa = PBXFileReference; lastKnownFileType = folder.assetcatalog; path = "Preview Assets.xcassets"; sourceTree = "<group>"; };
		0EDE701724F465D600E72D0C /* Base */ = {isa = PBXFileReference; lastKnownFileType = file.storyboard; name = Base; path = Base.lproj/LaunchScreen.storyboard; sourceTree = "<group>"; };
		0EDE701924F465D600E72D0C /* Info.plist */ = {isa = PBXFileReference; lastKnownFileType = text.plist.xml; path = Info.plist; sourceTree = "<group>"; };
		0EDE701E24F465D700E72D0C /* NeoMusic-SwiftUITests.xctest */ = {isa = PBXFileReference; explicitFileType = wrapper.cfbundle; includeInIndex = 0; path = "NeoMusic-SwiftUITests.xctest"; sourceTree = BUILT_PRODUCTS_DIR; };
		0EDE702224F465D700E72D0C /* NeoMusic_SwiftUITests.swift */ = {isa = PBXFileReference; lastKnownFileType = sourcecode.swift; path = NeoMusic_SwiftUITests.swift; sourceTree = "<group>"; };
		0EDE702424F465D700E72D0C /* Info.plist */ = {isa = PBXFileReference; lastKnownFileType = text.plist.xml; path = Info.plist; sourceTree = "<group>"; };
		4960882F25158085003F1089 /* WidgetKit.framework */ = {isa = PBXFileReference; lastKnownFileType = wrapper.framework; name = WidgetKit.framework; path = System/Library/Frameworks/WidgetKit.framework; sourceTree = SDKROOT; };
		4960883125158085003F1089 /* SwiftUI.framework */ = {isa = PBXFileReference; lastKnownFileType = wrapper.framework; name = SwiftUI.framework; path = System/Library/Frameworks/SwiftUI.framework; sourceTree = SDKROOT; };
		4960887B2515832E003F1089 /* NeoWidgetExtension.appex */ = {isa = PBXFileReference; explicitFileType = "wrapper.app-extension"; includeInIndex = 0; path = NeoWidgetExtension.appex; sourceTree = BUILT_PRODUCTS_DIR; };
		4960888125158331003F1089 /* Assets.xcassets */ = {isa = PBXFileReference; lastKnownFileType = folder.assetcatalog; path = Assets.xcassets; sourceTree = "<group>"; };
		4960888325158331003F1089 /* Info.plist */ = {isa = PBXFileReference; lastKnownFileType = text.plist.xml; path = Info.plist; sourceTree = "<group>"; };
		4960889025158368003F1089 /* NeoWidget.swift */ = {isa = PBXFileReference; fileEncoding = 4; lastKnownFileType = sourcecode.swift; path = NeoWidget.swift; sourceTree = "<group>"; };
		4960889525158392003F1089 /* WidgetArtwork.swift */ = {isa = PBXFileReference; fileEncoding = 4; lastKnownFileType = sourcecode.swift; path = WidgetArtwork.swift; sourceTree = "<group>"; };
		4960889625158392003F1089 /* Controller.swift */ = {isa = PBXFileReference; fileEncoding = 4; lastKnownFileType = sourcecode.swift; path = Controller.swift; sourceTree = "<group>"; };
		49E153532515705000767842 /* TabBar.swift */ = {isa = PBXFileReference; lastKnownFileType = sourcecode.swift; path = TabBar.swift; sourceTree = "<group>"; };
		49E1535B251570A500767842 /* TabItem.swift */ = {isa = PBXFileReference; lastKnownFileType = sourcecode.swift; path = TabItem.swift; sourceTree = "<group>"; };
/* End PBXFileReference section */

/* Begin PBXFrameworksBuildPhase section */
		0EDE700524F465D300E72D0C /* Frameworks */ = {
			isa = PBXFrameworksBuildPhase;
			buildActionMask = 2147483647;
			files = (
			);
			runOnlyForDeploymentPostprocessing = 0;
		};
		0EDE701B24F465D700E72D0C /* Frameworks */ = {
			isa = PBXFrameworksBuildPhase;
			buildActionMask = 2147483647;
			files = (
			);
			runOnlyForDeploymentPostprocessing = 0;
		};
		496088782515832E003F1089 /* Frameworks */ = {
			isa = PBXFrameworksBuildPhase;
			buildActionMask = 2147483647;
			files = (
				4960887D2515832E003F1089 /* SwiftUI.framework in Frameworks */,
				4960887C2515832E003F1089 /* WidgetKit.framework in Frameworks */,
			);
			runOnlyForDeploymentPostprocessing = 0;
		};
/* End PBXFrameworksBuildPhase section */

/* Begin PBXGroup section */
		0E8B8B4424F5A09E0029B27D /* Helpers */ = {
			isa = PBXGroup;
			children = (
				0E8B8B3E24F587B10029B27D /* Image+Extension.swift */,
				0E8B8B4224F5A04D0029B27D /* Color+Extension.swift */,
				0E2C908024F5CF2600AB950D /* Constants.swift */,
				0EA1848324FB1EBC00111B84 /* Notification.Name+Extension.swift */,
				0E07DFEA252724F8006DDFF6 /* String+Extension.swift */,
				0E49676D25299E96000D166C /* UIApplication+Extension.swift */,
			);
			path = Helpers;
			sourceTree = "<group>";
		};
		0E8B8B4724F5BC390029B27D /* Model Controllers */ = {
			isa = PBXGroup;
			children = (
				0E8B8B4824F5C1480029B27D /* MusicPlayerController.swift */,
				0E8B8B4524F5A0B10029B27D /* SettingsController.swift */,
				0E8EFA21252D367500B78F3E /* SongSearchController.swift */,
			);
			path = "Model Controllers";
			sourceTree = "<group>";
		};
		0E8B8B4C24F5C19E0029B27D /* Models */ = {
			isa = PBXGroup;
			children = (
				0E8B8B4A24F5C1990029B27D /* Song.swift */,
				0E2C908224F5D5A400AB950D /* JCColorScheme.swift */,
				0E49677125299E97000D166C /* Queue.swift */,
			);
			path = Models;
			sourceTree = "<group>";
		};
		0E8B8B4F24F5C83D0029B27D /* Subviews */ = {
			isa = PBXGroup;
			children = (
				0EBAE2D6251FB20200752EDE /* Custom TabView */,
				0E42F9F624F4EC9200901C89 /* DefaultButton.swift */,
				0E42F9F824F4F63B00901C89 /* MusicArtwork.swift */,
				0E8B8B4024F59CB80029B27D /* MusicSlider.swift */,
				0E49676E25299E97000D166C /* SearchBar.swift */,
				0E94CA6F252FE471004A1387 /* NeoRow */,
			);
			path = Subviews;
			sourceTree = "<group>";
		};
		0E94CA6F252FE471004A1387 /* NeoRow */ = {
			isa = PBXGroup;
			children = (
				0E49677025299E97000D166C /* NeoSongRow.swift */,
			);
			path = NeoRow;
			sourceTree = "<group>";
		};
		0EBAE2D6251FB20200752EDE /* Custom TabView */ = {
			isa = PBXGroup;
			children = (
				49E153532515705000767842 /* TabBar.swift */,
				49E1535B251570A500767842 /* TabItem.swift */,
			);
			path = "Custom TabView";
			sourceTree = "<group>";
		};
		0EBAE2DA251FB21400752EDE /* View Modifiers */ = {
			isa = PBXGroup;
			children = (
				0EBAE2D1251FB01000752EDE /* Neumorph.swift */,
				0E49677D2529A383000D166C /* ResignFirstResponderOnDrag.swift */,
				0EBAE2DE251FB22600752EDE /* View+Extension.swift */,
			);
			path = "View Modifiers";
			sourceTree = "<group>";
		};
		0EDE6FFF24F465D300E72D0C = {
			isa = PBXGroup;
			children = (
				0EDE700A24F465D300E72D0C /* NeoMusic-SwiftUI */,
				0EDE702124F465D700E72D0C /* NeoMusic-SwiftUITests */,
				4960887E2515832E003F1089 /* NeoWidget */,
				4960882E25158085003F1089 /* Frameworks */,
				0EDE700924F465D300E72D0C /* Products */,
			);
			sourceTree = "<group>";
		};
		0EDE700924F465D300E72D0C /* Products */ = {
			isa = PBXGroup;
			children = (
				0EDE700824F465D300E72D0C /* NeoMusic-SwiftUI.app */,
				0EDE701E24F465D700E72D0C /* NeoMusic-SwiftUITests.xctest */,
				4960887B2515832E003F1089 /* NeoWidgetExtension.appex */,
			);
			name = Products;
			sourceTree = "<group>";
		};
		0EDE700A24F465D300E72D0C /* NeoMusic-SwiftUI */ = {
			isa = PBXGroup;
			children = (
				0EDE703B24F465F200E72D0C /* Resources */,
				0EDE703C24F465FA00E72D0C /* Views */,
				0E8B8B4F24F5C83D0029B27D /* Subviews */,
				0EBAE2DA251FB21400752EDE /* View Modifiers */,
				0E8B8B4C24F5C19E0029B27D /* Models */,
				0E8B8B4724F5BC390029B27D /* Model Controllers */,
				0E8B8B4424F5A09E0029B27D /* Helpers */,
				0EDE701624F465D600E72D0C /* LaunchScreen.storyboard */,
				0EDE701324F465D600E72D0C /* Preview Content */,
			);
			path = "NeoMusic-SwiftUI";
			sourceTree = "<group>";
		};
		0EDE701324F465D600E72D0C /* Preview Content */ = {
			isa = PBXGroup;
			children = (
				0EDE701424F465D600E72D0C /* Preview Assets.xcassets */,
			);
			path = "Preview Content";
			sourceTree = "<group>";
		};
		0EDE702124F465D700E72D0C /* NeoMusic-SwiftUITests */ = {
			isa = PBXGroup;
			children = (
				0EDE702224F465D700E72D0C /* NeoMusic_SwiftUITests.swift */,
				0EDE702424F465D700E72D0C /* Info.plist */,
			);
			path = "NeoMusic-SwiftUITests";
			sourceTree = "<group>";
		};
		0EDE703B24F465F200E72D0C /* Resources */ = {
			isa = PBXGroup;
			children = (
				0EDE700B24F465D300E72D0C /* AppDelegate.swift */,
				0EDE700D24F465D300E72D0C /* SceneDelegate.swift */,
				0EDE701124F465D600E72D0C /* Assets.xcassets */,
				0EDE701924F465D600E72D0C /* Info.plist */,
			);
			path = Resources;
			sourceTree = "<group>";
		};
		0EDE703C24F465FA00E72D0C /* Views */ = {
			isa = PBXGroup;
			children = (
				0E8B8B4D24F5C71E0029B27D /* AppView.swift */,
				0EDE700F24F465D300E72D0C /* MusicPlayer.swift */,
				0E49676F25299E97000D166C /* SearchView.swift */,
			);
			path = Views;
			sourceTree = "<group>";
		};
		4960882E25158085003F1089 /* Frameworks */ = {
			isa = PBXGroup;
			children = (
				4960882F25158085003F1089 /* WidgetKit.framework */,
				4960883125158085003F1089 /* SwiftUI.framework */,
			);
			name = Frameworks;
			sourceTree = "<group>";
		};
		4960887E2515832E003F1089 /* NeoWidget */ = {
			isa = PBXGroup;
			children = (
				4960889025158368003F1089 /* NeoWidget.swift */,
				4960889625158392003F1089 /* Controller.swift */,
				4960889525158392003F1089 /* WidgetArtwork.swift */,
				4960888125158331003F1089 /* Assets.xcassets */,
				4960888325158331003F1089 /* Info.plist */,
			);
			path = NeoWidget;
			sourceTree = "<group>";
		};
/* End PBXGroup section */

/* Begin PBXNativeTarget section */
		0EDE700724F465D300E72D0C /* NeoMusic-SwiftUI */ = {
			isa = PBXNativeTarget;
			buildConfigurationList = 0EDE703224F465D700E72D0C /* Build configuration list for PBXNativeTarget "NeoMusic-SwiftUI" */;
			buildPhases = (
				0EDE700424F465D300E72D0C /* Sources */,
				0EDE700524F465D300E72D0C /* Frameworks */,
				0EDE700624F465D300E72D0C /* Resources */,
				4960883F25158089003F1089 /* Embed App Extensions */,
			);
			buildRules = (
			);
			dependencies = (
				4960888525158331003F1089 /* PBXTargetDependency */,
			);
			name = "NeoMusic-SwiftUI";
			productName = "NeoMusic-SwiftUI";
			productReference = 0EDE700824F465D300E72D0C /* NeoMusic-SwiftUI.app */;
			productType = "com.apple.product-type.application";
		};
		0EDE701D24F465D700E72D0C /* NeoMusic-SwiftUITests */ = {
			isa = PBXNativeTarget;
			buildConfigurationList = 0EDE703524F465D700E72D0C /* Build configuration list for PBXNativeTarget "NeoMusic-SwiftUITests" */;
			buildPhases = (
				0EDE701A24F465D700E72D0C /* Sources */,
				0EDE701B24F465D700E72D0C /* Frameworks */,
				0EDE701C24F465D700E72D0C /* Resources */,
			);
			buildRules = (
			);
			dependencies = (
				0EDE702024F465D700E72D0C /* PBXTargetDependency */,
			);
			name = "NeoMusic-SwiftUITests";
			productName = "NeoMusic-SwiftUITests";
			productReference = 0EDE701E24F465D700E72D0C /* NeoMusic-SwiftUITests.xctest */;
			productType = "com.apple.product-type.bundle.unit-test";
		};
		4960887A2515832E003F1089 /* NeoWidgetExtension */ = {
			isa = PBXNativeTarget;
			buildConfigurationList = 4960888725158331003F1089 /* Build configuration list for PBXNativeTarget "NeoWidgetExtension" */;
			buildPhases = (
				496088772515832E003F1089 /* Sources */,
				496088782515832E003F1089 /* Frameworks */,
				496088792515832E003F1089 /* Resources */,
			);
			buildRules = (
			);
			dependencies = (
			);
			name = NeoWidgetExtension;
			productName = NeoWidgetExtension;
			productReference = 4960887B2515832E003F1089 /* NeoWidgetExtension.appex */;
			productType = "com.apple.product-type.app-extension";
		};
/* End PBXNativeTarget section */

/* Begin PBXProject section */
		0EDE700024F465D300E72D0C /* Project object */ = {
			isa = PBXProject;
			attributes = {
				LastSwiftUpdateCheck = 1200;
				LastUpgradeCheck = 1200;
				TargetAttributes = {
					0EDE700724F465D300E72D0C = {
						CreatedOnToolsVersion = 12.0;
					};
					0EDE701D24F465D700E72D0C = {
						CreatedOnToolsVersion = 12.0;
						TestTargetID = 0EDE700724F465D300E72D0C;
					};
					4960887A2515832E003F1089 = {
						CreatedOnToolsVersion = 12.0;
						LastSwiftMigration = 1200;
					};
				};
			};
			buildConfigurationList = 0EDE700324F465D300E72D0C /* Build configuration list for PBXProject "NeoMusic-SwiftUI" */;
			compatibilityVersion = "Xcode 9.3";
			developmentRegion = en;
			hasScannedForEncodings = 0;
			knownRegions = (
				en,
				Base,
			);
			mainGroup = 0EDE6FFF24F465D300E72D0C;
			productRefGroup = 0EDE700924F465D300E72D0C /* Products */;
			projectDirPath = "";
			projectRoot = "";
			targets = (
				0EDE700724F465D300E72D0C /* NeoMusic-SwiftUI */,
				0EDE701D24F465D700E72D0C /* NeoMusic-SwiftUITests */,
				4960887A2515832E003F1089 /* NeoWidgetExtension */,
			);
		};
/* End PBXProject section */

/* Begin PBXResourcesBuildPhase section */
		0EDE700624F465D300E72D0C /* Resources */ = {
			isa = PBXResourcesBuildPhase;
			buildActionMask = 2147483647;
			files = (
				0EDE701824F465D600E72D0C /* LaunchScreen.storyboard in Resources */,
				0EDE701524F465D600E72D0C /* Preview Assets.xcassets in Resources */,
				0EDE701224F465D600E72D0C /* Assets.xcassets in Resources */,
			);
			runOnlyForDeploymentPostprocessing = 0;
		};
		0EDE701C24F465D700E72D0C /* Resources */ = {
			isa = PBXResourcesBuildPhase;
			buildActionMask = 2147483647;
			files = (
			);
			runOnlyForDeploymentPostprocessing = 0;
		};
		496088792515832E003F1089 /* Resources */ = {
			isa = PBXResourcesBuildPhase;
			buildActionMask = 2147483647;
			files = (
				4960888225158331003F1089 /* Assets.xcassets in Resources */,
			);
			runOnlyForDeploymentPostprocessing = 0;
		};
/* End PBXResourcesBuildPhase section */

/* Begin PBXSourcesBuildPhase section */
		0EDE700424F465D300E72D0C /* Sources */ = {
			isa = PBXSourcesBuildPhase;
			buildActionMask = 2147483647;
			files = (
				0EA1848424FB1EBD00111B84 /* Notification.Name+Extension.swift in Sources */,
				0E8B8B4624F5A0B10029B27D /* SettingsController.swift in Sources */,
				49E153542515705000767842 /* TabBar.swift in Sources */,
				0EBAE2DF251FB22600752EDE /* View+Extension.swift in Sources */,
				0E49677E2529A384000D166C /* ResignFirstResponderOnDrag.swift in Sources */,
				0E8B8B4924F5C1480029B27D /* MusicPlayerController.swift in Sources */,
				0E42F9F924F4F63B00901C89 /* MusicArtwork.swift in Sources */,
				0E8B8B4124F59CB80029B27D /* MusicSlider.swift in Sources */,
				0EDE700C24F465D300E72D0C /* AppDelegate.swift in Sources */,
				0E8B8B4B24F5C19A0029B27D /* Song.swift in Sources */,
				0E49677325299E97000D166C /* SearchBar.swift in Sources */,
				49E1535C251570A500767842 /* TabItem.swift in Sources */,
				0EBAE2D2251FB01000752EDE /* Neumorph.swift in Sources */,
				0E8EFA22252D367500B78F3E /* SongSearchController.swift in Sources */,
				0E07DFEB252724F8006DDFF6 /* String+Extension.swift in Sources */,
				0E49677425299E97000D166C /* SearchView.swift in Sources */,
				0EDE700E24F465D300E72D0C /* SceneDelegate.swift in Sources */,
				0E49677625299E97000D166C /* Queue.swift in Sources */,
				0E49677225299E97000D166C /* UIApplication+Extension.swift in Sources */,
				0E2C908124F5CF2600AB950D /* Constants.swift in Sources */,
				0EDE701024F465D300E72D0C /* MusicPlayer.swift in Sources */,
				0E8B8B4E24F5C71E0029B27D /* AppView.swift in Sources */,
				0E2C908324F5D5A400AB950D /* JCColorScheme.swift in Sources */,
				0E42F9F724F4EC9200901C89 /* DefaultButton.swift in Sources */,
				0E8B8B3F24F587B10029B27D /* Image+Extension.swift in Sources */,
				0E49677525299E97000D166C /* NeoSongRow.swift in Sources */,
				0E8B8B4324F5A04D0029B27D /* Color+Extension.swift in Sources */,
			);
			runOnlyForDeploymentPostprocessing = 0;
		};
		0EDE701A24F465D700E72D0C /* Sources */ = {
			isa = PBXSourcesBuildPhase;
			buildActionMask = 2147483647;
			files = (
				0EE413852528B56A003890A1 /* NeoMusic_SwiftUITests.swift in Sources */,
			);
			runOnlyForDeploymentPostprocessing = 0;
		};
		496088772515832E003F1089 /* Sources */ = {
			isa = PBXSourcesBuildPhase;
			buildActionMask = 2147483647;
			files = (
				4960889825158392003F1089 /* Controller.swift in Sources */,
				4960889725158392003F1089 /* WidgetArtwork.swift in Sources */,
				496088B0251583E3003F1089 /* Image+Extension.swift in Sources */,
				4960889125158368003F1089 /* NeoWidget.swift in Sources */,
				496088A8251583D3003F1089 /* SettingsController.swift in Sources */,
				4960889C251583B6003F1089 /* Constants.swift in Sources */,
				496088A4251583C1003F1089 /* JCColorScheme.swift in Sources */,
				496088A0251583BF003F1089 /* Song.swift in Sources */,
				0EE4136C25278910003890A1 /* String+Extension.swift in Sources */,
				496088AC251583E0003F1089 /* Color+Extension.swift in Sources */,
			);
			runOnlyForDeploymentPostprocessing = 0;
		};
/* End PBXSourcesBuildPhase section */

/* Begin PBXTargetDependency section */
		0EDE702024F465D700E72D0C /* PBXTargetDependency */ = {
			isa = PBXTargetDependency;
			target = 0EDE700724F465D300E72D0C /* NeoMusic-SwiftUI */;
			targetProxy = 0EDE701F24F465D700E72D0C /* PBXContainerItemProxy */;
		};
		4960888525158331003F1089 /* PBXTargetDependency */ = {
			isa = PBXTargetDependency;
			target = 4960887A2515832E003F1089 /* NeoWidgetExtension */;
			targetProxy = 4960888425158331003F1089 /* PBXContainerItemProxy */;
		};
/* End PBXTargetDependency section */

/* Begin PBXVariantGroup section */
		0EDE701624F465D600E72D0C /* LaunchScreen.storyboard */ = {
			isa = PBXVariantGroup;
			children = (
				0EDE701724F465D600E72D0C /* Base */,
			);
			name = LaunchScreen.storyboard;
			sourceTree = "<group>";
		};
/* End PBXVariantGroup section */

/* Begin XCBuildConfiguration section */
		0EDE703024F465D700E72D0C /* Debug */ = {
			isa = XCBuildConfiguration;
			buildSettings = {
				ALWAYS_SEARCH_USER_PATHS = NO;
				CLANG_ANALYZER_NONNULL = YES;
				CLANG_ANALYZER_NUMBER_OBJECT_CONVERSION = YES_AGGRESSIVE;
				CLANG_CXX_LANGUAGE_STANDARD = "gnu++14";
				CLANG_CXX_LIBRARY = "libc++";
				CLANG_ENABLE_MODULES = YES;
				CLANG_ENABLE_OBJC_ARC = YES;
				CLANG_ENABLE_OBJC_WEAK = YES;
				CLANG_WARN_BLOCK_CAPTURE_AUTORELEASING = YES;
				CLANG_WARN_BOOL_CONVERSION = YES;
				CLANG_WARN_COMMA = YES;
				CLANG_WARN_CONSTANT_CONVERSION = YES;
				CLANG_WARN_DEPRECATED_OBJC_IMPLEMENTATIONS = YES;
				CLANG_WARN_DIRECT_OBJC_ISA_USAGE = YES_ERROR;
				CLANG_WARN_DOCUMENTATION_COMMENTS = YES;
				CLANG_WARN_EMPTY_BODY = YES;
				CLANG_WARN_ENUM_CONVERSION = YES;
				CLANG_WARN_INFINITE_RECURSION = YES;
				CLANG_WARN_INT_CONVERSION = YES;
				CLANG_WARN_NON_LITERAL_NULL_CONVERSION = YES;
				CLANG_WARN_OBJC_IMPLICIT_RETAIN_SELF = YES;
				CLANG_WARN_OBJC_LITERAL_CONVERSION = YES;
				CLANG_WARN_OBJC_ROOT_CLASS = YES_ERROR;
				CLANG_WARN_QUOTED_INCLUDE_IN_FRAMEWORK_HEADER = YES;
				CLANG_WARN_RANGE_LOOP_ANALYSIS = YES;
				CLANG_WARN_STRICT_PROTOTYPES = YES;
				CLANG_WARN_SUSPICIOUS_MOVE = YES;
				CLANG_WARN_UNGUARDED_AVAILABILITY = YES_AGGRESSIVE;
				CLANG_WARN_UNREACHABLE_CODE = YES;
				CLANG_WARN__DUPLICATE_METHOD_MATCH = YES;
				COPY_PHASE_STRIP = NO;
				DEBUG_INFORMATION_FORMAT = dwarf;
				ENABLE_STRICT_OBJC_MSGSEND = YES;
				ENABLE_TESTABILITY = YES;
				GCC_C_LANGUAGE_STANDARD = gnu11;
				GCC_DYNAMIC_NO_PIC = NO;
				GCC_NO_COMMON_BLOCKS = YES;
				GCC_OPTIMIZATION_LEVEL = 0;
				GCC_PREPROCESSOR_DEFINITIONS = (
					"DEBUG=1",
					"$(inherited)",
				);
				GCC_WARN_64_TO_32_BIT_CONVERSION = YES;
				GCC_WARN_ABOUT_RETURN_TYPE = YES_ERROR;
				GCC_WARN_UNDECLARED_SELECTOR = YES;
				GCC_WARN_UNINITIALIZED_AUTOS = YES_AGGRESSIVE;
				GCC_WARN_UNUSED_FUNCTION = YES;
				GCC_WARN_UNUSED_VARIABLE = YES;
				IPHONEOS_DEPLOYMENT_TARGET = 14.0;
				MTL_ENABLE_DEBUG_INFO = INCLUDE_SOURCE;
				MTL_FAST_MATH = YES;
				ONLY_ACTIVE_ARCH = YES;
				SDKROOT = iphoneos;
				SWIFT_ACTIVE_COMPILATION_CONDITIONS = DEBUG;
				SWIFT_OPTIMIZATION_LEVEL = "-Onone";
			};
			name = Debug;
		};
		0EDE703124F465D700E72D0C /* Release */ = {
			isa = XCBuildConfiguration;
			buildSettings = {
				ALWAYS_SEARCH_USER_PATHS = NO;
				CLANG_ANALYZER_NONNULL = YES;
				CLANG_ANALYZER_NUMBER_OBJECT_CONVERSION = YES_AGGRESSIVE;
				CLANG_CXX_LANGUAGE_STANDARD = "gnu++14";
				CLANG_CXX_LIBRARY = "libc++";
				CLANG_ENABLE_MODULES = YES;
				CLANG_ENABLE_OBJC_ARC = YES;
				CLANG_ENABLE_OBJC_WEAK = YES;
				CLANG_WARN_BLOCK_CAPTURE_AUTORELEASING = YES;
				CLANG_WARN_BOOL_CONVERSION = YES;
				CLANG_WARN_COMMA = YES;
				CLANG_WARN_CONSTANT_CONVERSION = YES;
				CLANG_WARN_DEPRECATED_OBJC_IMPLEMENTATIONS = YES;
				CLANG_WARN_DIRECT_OBJC_ISA_USAGE = YES_ERROR;
				CLANG_WARN_DOCUMENTATION_COMMENTS = YES;
				CLANG_WARN_EMPTY_BODY = YES;
				CLANG_WARN_ENUM_CONVERSION = YES;
				CLANG_WARN_INFINITE_RECURSION = YES;
				CLANG_WARN_INT_CONVERSION = YES;
				CLANG_WARN_NON_LITERAL_NULL_CONVERSION = YES;
				CLANG_WARN_OBJC_IMPLICIT_RETAIN_SELF = YES;
				CLANG_WARN_OBJC_LITERAL_CONVERSION = YES;
				CLANG_WARN_OBJC_ROOT_CLASS = YES_ERROR;
				CLANG_WARN_QUOTED_INCLUDE_IN_FRAMEWORK_HEADER = YES;
				CLANG_WARN_RANGE_LOOP_ANALYSIS = YES;
				CLANG_WARN_STRICT_PROTOTYPES = YES;
				CLANG_WARN_SUSPICIOUS_MOVE = YES;
				CLANG_WARN_UNGUARDED_AVAILABILITY = YES_AGGRESSIVE;
				CLANG_WARN_UNREACHABLE_CODE = YES;
				CLANG_WARN__DUPLICATE_METHOD_MATCH = YES;
				COPY_PHASE_STRIP = NO;
				DEBUG_INFORMATION_FORMAT = "dwarf-with-dsym";
				ENABLE_NS_ASSERTIONS = NO;
				ENABLE_STRICT_OBJC_MSGSEND = YES;
				GCC_C_LANGUAGE_STANDARD = gnu11;
				GCC_NO_COMMON_BLOCKS = YES;
				GCC_WARN_64_TO_32_BIT_CONVERSION = YES;
				GCC_WARN_ABOUT_RETURN_TYPE = YES_ERROR;
				GCC_WARN_UNDECLARED_SELECTOR = YES;
				GCC_WARN_UNINITIALIZED_AUTOS = YES_AGGRESSIVE;
				GCC_WARN_UNUSED_FUNCTION = YES;
				GCC_WARN_UNUSED_VARIABLE = YES;
				IPHONEOS_DEPLOYMENT_TARGET = 14.0;
				MTL_ENABLE_DEBUG_INFO = NO;
				MTL_FAST_MATH = YES;
				SDKROOT = iphoneos;
				SWIFT_COMPILATION_MODE = wholemodule;
				SWIFT_OPTIMIZATION_LEVEL = "-O";
				VALIDATE_PRODUCT = YES;
			};
			name = Release;
		};
		0EDE703324F465D700E72D0C /* Debug */ = {
			isa = XCBuildConfiguration;
			buildSettings = {
				ALWAYS_EMBED_SWIFT_STANDARD_LIBRARIES = YES;
				ASSETCATALOG_COMPILER_APPICON_NAME = AppIcon;
				ASSETCATALOG_COMPILER_GLOBAL_ACCENT_COLOR_NAME = AccentColor;
				CODE_SIGN_STYLE = Automatic;
				DEVELOPMENT_ASSET_PATHS = "\"NeoMusic-SwiftUI/Preview Content\"";
				DEVELOPMENT_TEAM = HFR8F4BT7E;
				ENABLE_PREVIEWS = YES;
				INFOPLIST_FILE = "NeoMusic-SwiftUI/Resources/Info.plist";
				LD_RUNPATH_SEARCH_PATHS = (
					"$(inherited)",
					"@executable_path/Frameworks",
				);
				PRODUCT_BUNDLE_IDENTIFIER = "com.mazjap.NeoMusic-SwiftUI";
				PRODUCT_NAME = "$(TARGET_NAME)";
				SWIFT_VERSION = 5.0;
				TARGETED_DEVICE_FAMILY = "1,2";
			};
			name = Debug;
		};
		0EDE703424F465D700E72D0C /* Release */ = {
			isa = XCBuildConfiguration;
			buildSettings = {
				ALWAYS_EMBED_SWIFT_STANDARD_LIBRARIES = YES;
				ASSETCATALOG_COMPILER_APPICON_NAME = AppIcon;
				ASSETCATALOG_COMPILER_GLOBAL_ACCENT_COLOR_NAME = AccentColor;
				CODE_SIGN_STYLE = Automatic;
				DEVELOPMENT_ASSET_PATHS = "\"NeoMusic-SwiftUI/Preview Content\"";
				DEVELOPMENT_TEAM = HFR8F4BT7E;
				ENABLE_PREVIEWS = YES;
				INFOPLIST_FILE = "NeoMusic-SwiftUI/Resources/Info.plist";
				LD_RUNPATH_SEARCH_PATHS = (
					"$(inherited)",
					"@executable_path/Frameworks",
				);
				PRODUCT_BUNDLE_IDENTIFIER = "com.mazjap.NeoMusic-SwiftUI";
				PRODUCT_NAME = "$(TARGET_NAME)";
				SWIFT_VERSION = 5.0;
				TARGETED_DEVICE_FAMILY = "1,2";
			};
			name = Release;
		};
		0EDE703624F465D700E72D0C /* Debug */ = {
			isa = XCBuildConfiguration;
			buildSettings = {
				ALWAYS_EMBED_SWIFT_STANDARD_LIBRARIES = YES;
				BUNDLE_LOADER = "$(TEST_HOST)";
				CODE_SIGN_STYLE = Automatic;
				DEVELOPMENT_TEAM = HFR8F4BT7E;
				INFOPLIST_FILE = "NeoMusic-SwiftUITests/Info.plist";
				IPHONEOS_DEPLOYMENT_TARGET = 14.0;
				LD_RUNPATH_SEARCH_PATHS = (
					"$(inherited)",
					"@executable_path/Frameworks",
					"@loader_path/Frameworks",
				);
				PRODUCT_BUNDLE_IDENTIFIER = "com.mazjap.NeoMusic-SwiftUITests";
				PRODUCT_NAME = "$(TARGET_NAME)";
				SWIFT_VERSION = 5.0;
				TARGETED_DEVICE_FAMILY = "1,2";
				TEST_HOST = "$(BUILT_PRODUCTS_DIR)/NeoMusic-SwiftUI.app/NeoMusic-SwiftUI";
			};
			name = Debug;
		};
		0EDE703724F465D700E72D0C /* Release */ = {
			isa = XCBuildConfiguration;
			buildSettings = {
				ALWAYS_EMBED_SWIFT_STANDARD_LIBRARIES = YES;
				BUNDLE_LOADER = "$(TEST_HOST)";
				CODE_SIGN_STYLE = Automatic;
				DEVELOPMENT_TEAM = HFR8F4BT7E;
				INFOPLIST_FILE = "NeoMusic-SwiftUITests/Info.plist";
				IPHONEOS_DEPLOYMENT_TARGET = 14.0;
				LD_RUNPATH_SEARCH_PATHS = (
					"$(inherited)",
					"@executable_path/Frameworks",
					"@loader_path/Frameworks",
				);
				PRODUCT_BUNDLE_IDENTIFIER = "com.mazjap.NeoMusic-SwiftUITests";
				PRODUCT_NAME = "$(TARGET_NAME)";
				SWIFT_VERSION = 5.0;
				TARGETED_DEVICE_FAMILY = "1,2";
				TEST_HOST = "$(BUILT_PRODUCTS_DIR)/NeoMusic-SwiftUI.app/NeoMusic-SwiftUI";
			};
			name = Release;
		};
		4960888825158331003F1089 /* Debug */ = {
			isa = XCBuildConfiguration;
			buildSettings = {
				ASSETCATALOG_COMPILER_GLOBAL_ACCENT_COLOR_NAME = AccentColor;
				ASSETCATALOG_COMPILER_WIDGET_BACKGROUND_COLOR_NAME = WidgetBackground;
				CLANG_ENABLE_MODULES = YES;
				CODE_SIGN_STYLE = Automatic;
				DEVELOPMENT_TEAM = HFR8F4BT7E;
				INFOPLIST_FILE = NeoWidget/Info.plist;
				LD_RUNPATH_SEARCH_PATHS = (
					"$(inherited)",
					"@executable_path/Frameworks",
					"@executable_path/../../Frameworks",
				);
				PRODUCT_BUNDLE_IDENTIFIER = "com.mazjap.NeoMusic-SwiftUI.NeoWidget";
				PRODUCT_NAME = "$(TARGET_NAME)";
				SKIP_INSTALL = YES;
				SWIFT_OPTIMIZATION_LEVEL = "-Onone";
				SWIFT_VERSION = 5.0;
				TARGETED_DEVICE_FAMILY = "1,2";
			};
			name = Debug;
		};
		4960888925158331003F1089 /* Release */ = {
			isa = XCBuildConfiguration;
			buildSettings = {
				ASSETCATALOG_COMPILER_GLOBAL_ACCENT_COLOR_NAME = AccentColor;
				ASSETCATALOG_COMPILER_WIDGET_BACKGROUND_COLOR_NAME = WidgetBackground;
				CLANG_ENABLE_MODULES = YES;
				CODE_SIGN_STYLE = Automatic;
				DEVELOPMENT_TEAM = HFR8F4BT7E;
				INFOPLIST_FILE = NeoWidget/Info.plist;
				LD_RUNPATH_SEARCH_PATHS = (
					"$(inherited)",
					"@executable_path/Frameworks",
					"@executable_path/../../Frameworks",
				);
				PRODUCT_BUNDLE_IDENTIFIER = "com.mazjap.NeoMusic-SwiftUI.NeoWidget";
				PRODUCT_NAME = "$(TARGET_NAME)";
				SKIP_INSTALL = YES;
				SWIFT_VERSION = 5.0;
				TARGETED_DEVICE_FAMILY = "1,2";
			};
			name = Release;
		};
/* End XCBuildConfiguration section */

/* Begin XCConfigurationList section */
		0EDE700324F465D300E72D0C /* Build configuration list for PBXProject "NeoMusic-SwiftUI" */ = {
			isa = XCConfigurationList;
			buildConfigurations = (
				0EDE703024F465D700E72D0C /* Debug */,
				0EDE703124F465D700E72D0C /* Release */,
			);
			defaultConfigurationIsVisible = 0;
			defaultConfigurationName = Release;
		};
		0EDE703224F465D700E72D0C /* Build configuration list for PBXNativeTarget "NeoMusic-SwiftUI" */ = {
			isa = XCConfigurationList;
			buildConfigurations = (
				0EDE703324F465D700E72D0C /* Debug */,
				0EDE703424F465D700E72D0C /* Release */,
			);
			defaultConfigurationIsVisible = 0;
			defaultConfigurationName = Release;
		};
		0EDE703524F465D700E72D0C /* Build configuration list for PBXNativeTarget "NeoMusic-SwiftUITests" */ = {
			isa = XCConfigurationList;
			buildConfigurations = (
				0EDE703624F465D700E72D0C /* Debug */,
				0EDE703724F465D700E72D0C /* Release */,
			);
			defaultConfigurationIsVisible = 0;
			defaultConfigurationName = Release;
		};
		4960888725158331003F1089 /* Build configuration list for PBXNativeTarget "NeoWidgetExtension" */ = {
			isa = XCConfigurationList;
			buildConfigurations = (
				4960888825158331003F1089 /* Debug */,
				4960888925158331003F1089 /* Release */,
			);
			defaultConfigurationIsVisible = 0;
			defaultConfigurationName = Release;
		};
/* End XCConfigurationList section */
	};
	rootObject = 0EDE700024F465D300E72D0C /* Project object */;
}
